// !$*UTF8*$!
{
	archiveVersion = 1;
	classes = {
	};
	objectVersion = 46;
	objects = {

/* Begin PBXBuildFile section */
		1436B6C814D1AF8200DD7BEA /* CXMultidateCalendarView.h in Headers */ = {isa = PBXBuildFile; fileRef = 1436B6C614D1AF8200DD7BEA /* CXMultidateCalendarView.h */; };
		1436B6C914D1AF8200DD7BEA /* CXMultidateCalendarView.m in Sources */ = {isa = PBXBuildFile; fileRef = 1436B6C714D1AF8200DD7BEA /* CXMultidateCalendarView.m */; };
		1436B6CB14D1B66600DD7BEA /* UIKit.framework in Frameworks */ = {isa = PBXBuildFile; fileRef = 1436B6CA14D1B66600DD7BEA /* UIKit.framework */; };
		1436B6CC14D1B68100DD7BEA /* UIKit.framework in Frameworks */ = {isa = PBXBuildFile; fileRef = 1436B6CA14D1B66600DD7BEA /* UIKit.framework */; };
		1436B6CD14D1B68700DD7BEA /* UIKit.framework in Frameworks */ = {isa = PBXBuildFile; fileRef = 1436B6CA14D1B66600DD7BEA /* UIKit.framework */; };
		1436B6CF14D1BBBD00DD7BEA /* CoreGraphics.framework in Frameworks */ = {isa = PBXBuildFile; fileRef = 1436B6CE14D1BBBD00DD7BEA /* CoreGraphics.framework */; };
		1436B6D014D1BF5800DD7BEA /* CoreGraphics.framework in Frameworks */ = {isa = PBXBuildFile; fileRef = 1436B6CE14D1BBBD00DD7BEA /* CoreGraphics.framework */; };
		320AF8492C47A4D819F7C451 /* QuartzCore.framework in Frameworks */ = {isa = PBXBuildFile; fileRef = 320AF8492C47A4D819F7C450 /* QuartzCore.framework */; };
		D50E213F16AB66D5009C59E3 /* KWAfterAllNode.m in Sources */ = {isa = PBXBuildFile; fileRef = D50E209D16AB66D5009C59E3 /* KWAfterAllNode.m */; };
		D50E214016AB66D5009C59E3 /* KWAfterEachNode.m in Sources */ = {isa = PBXBuildFile; fileRef = D50E209F16AB66D5009C59E3 /* KWAfterEachNode.m */; };
		D50E214116AB66D5009C59E3 /* KWAny.m in Sources */ = {isa = PBXBuildFile; fileRef = D50E20A116AB66D5009C59E3 /* KWAny.m */; };
		D50E214216AB66D5009C59E3 /* KWAsyncVerifier.m in Sources */ = {isa = PBXBuildFile; fileRef = D50E20A316AB66D5009C59E3 /* KWAsyncVerifier.m */; };
		D50E214316AB66D5009C59E3 /* KWBeBetweenMatcher.m in Sources */ = {isa = PBXBuildFile; fileRef = D50E20A516AB66D5009C59E3 /* KWBeBetweenMatcher.m */; };
		D50E214416AB66D5009C59E3 /* KWBeEmptyMatcher.m in Sources */ = {isa = PBXBuildFile; fileRef = D50E20A716AB66D5009C59E3 /* KWBeEmptyMatcher.m */; };
		D50E214516AB66D5009C59E3 /* KWBeforeAllNode.m in Sources */ = {isa = PBXBuildFile; fileRef = D50E20A916AB66D5009C59E3 /* KWBeforeAllNode.m */; };
		D50E214616AB66D5009C59E3 /* KWBeforeEachNode.m in Sources */ = {isa = PBXBuildFile; fileRef = D50E20AB16AB66D5009C59E3 /* KWBeforeEachNode.m */; };
		D50E214716AB66D5009C59E3 /* KWBeIdenticalToMatcher.m in Sources */ = {isa = PBXBuildFile; fileRef = D50E20AD16AB66D5009C59E3 /* KWBeIdenticalToMatcher.m */; };
		D50E214816AB66D5009C59E3 /* KWBeKindOfClassMatcher.m in Sources */ = {isa = PBXBuildFile; fileRef = D50E20AF16AB66D5009C59E3 /* KWBeKindOfClassMatcher.m */; };
		D50E214916AB66D5009C59E3 /* KWBeMemberOfClassMatcher.m in Sources */ = {isa = PBXBuildFile; fileRef = D50E20B116AB66D5009C59E3 /* KWBeMemberOfClassMatcher.m */; };
		D50E214A16AB66D5009C59E3 /* KWBeNilMatcher.m in Sources */ = {isa = PBXBuildFile; fileRef = D50E20B316AB66D5009C59E3 /* KWBeNilMatcher.m */; };
		D50E214B16AB66D5009C59E3 /* KWBeNonNilMatcher.m in Sources */ = {isa = PBXBuildFile; fileRef = D50E20B516AB66D5009C59E3 /* KWBeNonNilMatcher.m */; };
		D50E214C16AB66D5009C59E3 /* KWBeSubclassOfClassMatcher.m in Sources */ = {isa = PBXBuildFile; fileRef = D50E20B716AB66D5009C59E3 /* KWBeSubclassOfClassMatcher.m */; };
		D50E214D16AB66D5009C59E3 /* KWBeTrueMatcher.m in Sources */ = {isa = PBXBuildFile; fileRef = D50E20B916AB66D5009C59E3 /* KWBeTrueMatcher.m */; };
		D50E214E16AB66D5009C59E3 /* KWBeWithinMatcher.m in Sources */ = {isa = PBXBuildFile; fileRef = D50E20BB16AB66D5009C59E3 /* KWBeWithinMatcher.m */; };
		D50E214F16AB66D5009C59E3 /* KWBeZeroMatcher.m in Sources */ = {isa = PBXBuildFile; fileRef = D50E20BD16AB66D5009C59E3 /* KWBeZeroMatcher.m */; };
		D50E215016AB66D5009C59E3 /* KWBlock.m in Sources */ = {isa = PBXBuildFile; fileRef = D50E20BF16AB66D5009C59E3 /* KWBlock.m */; };
		D50E215116AB66D5009C59E3 /* KWBlockNode.m in Sources */ = {isa = PBXBuildFile; fileRef = D50E20C116AB66D5009C59E3 /* KWBlockNode.m */; };
		D50E215216AB66D5009C59E3 /* KWBlockRaiseMatcher.m in Sources */ = {isa = PBXBuildFile; fileRef = D50E20C316AB66D5009C59E3 /* KWBlockRaiseMatcher.m */; };
		D50E215316AB66D5009C59E3 /* KWCallSite.m in Sources */ = {isa = PBXBuildFile; fileRef = D50E20C516AB66D5009C59E3 /* KWCallSite.m */; };
		D50E215416AB66D5009C59E3 /* KWCaptureSpy.m in Sources */ = {isa = PBXBuildFile; fileRef = D50E20C716AB66D5009C59E3 /* KWCaptureSpy.m */; };
		D50E215516AB66D5009C59E3 /* KWChangeMatcher.m in Sources */ = {isa = PBXBuildFile; fileRef = D50E20C916AB66D5009C59E3 /* KWChangeMatcher.m */; };
		D50E215616AB66D5009C59E3 /* KWConformToProtocolMatcher.m in Sources */ = {isa = PBXBuildFile; fileRef = D50E20CB16AB66D5009C59E3 /* KWConformToProtocolMatcher.m */; };
		D50E215716AB66D5009C59E3 /* KWContainMatcher.m in Sources */ = {isa = PBXBuildFile; fileRef = D50E20CD16AB66D5009C59E3 /* KWContainMatcher.m */; };
		D50E215816AB66D5009C59E3 /* KWContextNode.m in Sources */ = {isa = PBXBuildFile; fileRef = D50E20CF16AB66D5009C59E3 /* KWContextNode.m */; };
		D50E215916AB66D5009C59E3 /* KWDeviceInfo.m in Sources */ = {isa = PBXBuildFile; fileRef = D50E20D216AB66D5009C59E3 /* KWDeviceInfo.m */; };
		D50E215A16AB66D5009C59E3 /* KWEqualMatcher.m in Sources */ = {isa = PBXBuildFile; fileRef = D50E20D416AB66D5009C59E3 /* KWEqualMatcher.m */; };
		D50E215B16AB66D5009C59E3 /* KWExample.m in Sources */ = {isa = PBXBuildFile; fileRef = D50E20D616AB66D5009C59E3 /* KWExample.m */; };
		D50E215C16AB66D5009C59E3 /* KWExampleGroupBuilder.m in Sources */ = {isa = PBXBuildFile; fileRef = D50E20D816AB66D5009C59E3 /* KWExampleGroupBuilder.m */; };
		D50E215D16AB66D5009C59E3 /* KWExampleSuite.m in Sources */ = {isa = PBXBuildFile; fileRef = D50E20DD16AB66D5009C59E3 /* KWExampleSuite.m */; };
		D50E215E16AB66D5009C59E3 /* KWExistVerifier.m in Sources */ = {isa = PBXBuildFile; fileRef = D50E20DF16AB66D5009C59E3 /* KWExistVerifier.m */; };
		D50E215F16AB66D5009C59E3 /* KWFailure.m in Sources */ = {isa = PBXBuildFile; fileRef = D50E20E216AB66D5009C59E3 /* KWFailure.m */; };
		D50E216016AB66D5009C59E3 /* KWFormatter.m in Sources */ = {isa = PBXBuildFile; fileRef = D50E20E416AB66D5009C59E3 /* KWFormatter.m */; };
		D50E216116AB66D5009C59E3 /* KWFutureObject.m in Sources */ = {isa = PBXBuildFile; fileRef = D50E20E616AB66D5009C59E3 /* KWFutureObject.m */; };
		D50E216216AB66D5009C59E3 /* KWHamcrestMatcher.m in Sources */ = {isa = PBXBuildFile; fileRef = D50E20E816AB66D5009C59E3 /* KWHamcrestMatcher.m */; };
		D50E216316AB66D5009C59E3 /* KWHamrestMatchingAdditions.m in Sources */ = {isa = PBXBuildFile; fileRef = D50E20EA16AB66D5009C59E3 /* KWHamrestMatchingAdditions.m */; };
		D50E216416AB66D5009C59E3 /* KWHaveMatcher.m in Sources */ = {isa = PBXBuildFile; fileRef = D50E20EC16AB66D5009C59E3 /* KWHaveMatcher.m */; };
		D50E216516AB66D5009C59E3 /* KWHaveValueMatcher.m in Sources */ = {isa = PBXBuildFile; fileRef = D50E20EE16AB66D5009C59E3 /* KWHaveValueMatcher.m */; };
		D50E216616AB66D5009C59E3 /* KWInequalityMatcher.m in Sources */ = {isa = PBXBuildFile; fileRef = D50E20F116AB66D5009C59E3 /* KWInequalityMatcher.m */; };
		D50E216716AB66D5009C59E3 /* KWIntercept.m in Sources */ = {isa = PBXBuildFile; fileRef = D50E20F316AB66D5009C59E3 /* KWIntercept.m */; };
		D50E216816AB66D5009C59E3 /* KWInvocationCapturer.m in Sources */ = {isa = PBXBuildFile; fileRef = D50E20F516AB66D5009C59E3 /* KWInvocationCapturer.m */; };
		D50E216916AB66D5009C59E3 /* KWItNode.m in Sources */ = {isa = PBXBuildFile; fileRef = D50E20F716AB66D5009C59E3 /* KWItNode.m */; };
		D50E216A16AB66D5009C59E3 /* KWMatcher.m in Sources */ = {isa = PBXBuildFile; fileRef = D50E20F916AB66D5009C59E3 /* KWMatcher.m */; };
		D50E216B16AB66D5009C59E3 /* KWMatcherFactory.m in Sources */ = {isa = PBXBuildFile; fileRef = D50E20FB16AB66D5009C59E3 /* KWMatcherFactory.m */; };
		D50E216C16AB66D5009C59E3 /* KWMatchers.m in Sources */ = {isa = PBXBuildFile; fileRef = D50E20FD16AB66D5009C59E3 /* KWMatchers.m */; };
		D50E216D16AB66D5009C59E3 /* KWMatchVerifier.m in Sources */ = {isa = PBXBuildFile; fileRef = D50E210016AB66D5009C59E3 /* KWMatchVerifier.m */; };
		D50E216E16AB66D5009C59E3 /* KWMessagePattern.m in Sources */ = {isa = PBXBuildFile; fileRef = D50E210216AB66D5009C59E3 /* KWMessagePattern.m */; };
		D50E216F16AB66D5009C59E3 /* KWMessageTracker.m in Sources */ = {isa = PBXBuildFile; fileRef = D50E210516AB66D5009C59E3 /* KWMessageTracker.m */; };
		D50E217016AB66D5009C59E3 /* KWMock.m in Sources */ = {isa = PBXBuildFile; fileRef = D50E210716AB66D5009C59E3 /* KWMock.m */; };
		D50E217116AB66D5009C59E3 /* KWNull.m in Sources */ = {isa = PBXBuildFile; fileRef = D50E210916AB66D5009C59E3 /* KWNull.m */; };
		D50E217216AB66D5009C59E3 /* KWObjCUtilities.m in Sources */ = {isa = PBXBuildFile; fileRef = D50E210B16AB66D5009C59E3 /* KWObjCUtilities.m */; };
		D50E217316AB66D5009C59E3 /* KWPendingNode.m in Sources */ = {isa = PBXBuildFile; fileRef = D50E210D16AB66D5009C59E3 /* KWPendingNode.m */; };
		D50E217416AB66D5009C59E3 /* KWProbePoller.m in Sources */ = {isa = PBXBuildFile; fileRef = D50E211016AB66D5009C59E3 /* KWProbePoller.m */; };
		D50E217516AB66D5009C59E3 /* KWRaiseMatcher.m in Sources */ = {isa = PBXBuildFile; fileRef = D50E211216AB66D5009C59E3 /* KWRaiseMatcher.m */; };
		D50E217616AB66D5009C59E3 /* KWReceiveMatcher.m in Sources */ = {isa = PBXBuildFile; fileRef = D50E211416AB66D5009C59E3 /* KWReceiveMatcher.m */; };
		D50E217716AB66D5009C59E3 /* KWRegisterMatchersNode.m in Sources */ = {isa = PBXBuildFile; fileRef = D50E211616AB66D5009C59E3 /* KWRegisterMatchersNode.m */; };
		D50E217816AB66D5009C59E3 /* KWRespondToSelectorMatcher.m in Sources */ = {isa = PBXBuildFile; fileRef = D50E211916AB66D5009C59E3 /* KWRespondToSelectorMatcher.m */; };
		D50E217916AB66D5009C59E3 /* KWSpec.m in Sources */ = {isa = PBXBuildFile; fileRef = D50E211B16AB66D5009C59E3 /* KWSpec.m */; };
		D50E217A16AB66D5009C59E3 /* KWStringContainsMatcher.m in Sources */ = {isa = PBXBuildFile; fileRef = D50E211D16AB66D5009C59E3 /* KWStringContainsMatcher.m */; };
		D50E217B16AB66D5009C59E3 /* KWStringPrefixMatcher.m in Sources */ = {isa = PBXBuildFile; fileRef = D50E211F16AB66D5009C59E3 /* KWStringPrefixMatcher.m */; };
		D50E217C16AB66D5009C59E3 /* KWStringUtilities.m in Sources */ = {isa = PBXBuildFile; fileRef = D50E212116AB66D5009C59E3 /* KWStringUtilities.m */; };
		D50E217D16AB66D5009C59E3 /* KWStub.m in Sources */ = {isa = PBXBuildFile; fileRef = D50E212316AB66D5009C59E3 /* KWStub.m */; };
		D50E217E16AB66D5009C59E3 /* KWTestCase.m in Sources */ = {isa = PBXBuildFile; fileRef = D50E212516AB66D5009C59E3 /* KWTestCase.m */; };
		D50E217F16AB66D5009C59E3 /* KWUserDefinedMatcher.m in Sources */ = {isa = PBXBuildFile; fileRef = D50E212716AB66D5009C59E3 /* KWUserDefinedMatcher.m */; };
		D50E218016AB66D5009C59E3 /* KWValue.m in Sources */ = {isa = PBXBuildFile; fileRef = D50E212916AB66D5009C59E3 /* KWValue.m */; };
		D50E218116AB66D5009C59E3 /* KWWorkarounds.m in Sources */ = {isa = PBXBuildFile; fileRef = D50E212C16AB66D5009C59E3 /* KWWorkarounds.m */; };
		D50E218216AB66D5009C59E3 /* NSInvocation+KiwiAdditions.m in Sources */ = {isa = PBXBuildFile; fileRef = D50E212E16AB66D5009C59E3 /* NSInvocation+KiwiAdditions.m */; };
		D50E218316AB66D5009C59E3 /* NSInvocation+OCMAdditions.m in Sources */ = {isa = PBXBuildFile; fileRef = D50E213016AB66D5009C59E3 /* NSInvocation+OCMAdditions.m */; };
		D50E218416AB66D5009C59E3 /* NSMethodSignature+KiwiAdditions.m in Sources */ = {isa = PBXBuildFile; fileRef = D50E213216AB66D5009C59E3 /* NSMethodSignature+KiwiAdditions.m */; };
		D50E218516AB66D5009C59E3 /* NSNumber+KiwiAdditions.m in Sources */ = {isa = PBXBuildFile; fileRef = D50E213416AB66D5009C59E3 /* NSNumber+KiwiAdditions.m */; };
		D50E218616AB66D5009C59E3 /* NSObject+KiwiMockAdditions.m in Sources */ = {isa = PBXBuildFile; fileRef = D50E213616AB66D5009C59E3 /* NSObject+KiwiMockAdditions.m */; };
		D50E218716AB66D5009C59E3 /* NSObject+KiwiSpyAdditions.m in Sources */ = {isa = PBXBuildFile; fileRef = D50E213816AB66D5009C59E3 /* NSObject+KiwiSpyAdditions.m */; };
		D50E218816AB66D5009C59E3 /* NSObject+KiwiStubAdditions.m in Sources */ = {isa = PBXBuildFile; fileRef = D50E213A16AB66D5009C59E3 /* NSObject+KiwiStubAdditions.m */; };
		D50E218916AB66D5009C59E3 /* NSObject+KiwiVerifierAdditions.m in Sources */ = {isa = PBXBuildFile; fileRef = D50E213C16AB66D5009C59E3 /* NSObject+KiwiVerifierAdditions.m */; };
		D50E218A16AB66D5009C59E3 /* NSValue+KiwiAdditions.m in Sources */ = {isa = PBXBuildFile; fileRef = D50E213E16AB66D5009C59E3 /* NSValue+KiwiAdditions.m */; };
		D54D977413D643A800B2C5C8 /* Foundation.framework in Frameworks */ = {isa = PBXBuildFile; fileRef = D5B46D1313CE22CD0079A9C2 /* Foundation.framework */; };
		D54D977B13D643A800B2C5C8 /* InfoPlist.strings in Resources */ = {isa = PBXBuildFile; fileRef = D54D977913D643A800B2C5C8 /* InfoPlist.strings */; };
		D54D977D13D643A800B2C5C8 /* main.m in Sources */ = {isa = PBXBuildFile; fileRef = D54D977C13D643A800B2C5C8 /* main.m */; };
		D54D978113D643A900B2C5C8 /* CalendarDemoAppDelegate.m in Sources */ = {isa = PBXBuildFile; fileRef = D54D978013D643A900B2C5C8 /* CalendarDemoAppDelegate.m */; };
		D54D978313D643A900B2C5C8 /* CalendarDemoViewController.h in Resources */ = {isa = PBXBuildFile; fileRef = D54D978213D643A900B2C5C8 /* CalendarDemoViewController.h */; };
		D54D978513D643A900B2C5C8 /* CalendarDemoViewController.m in Sources */ = {isa = PBXBuildFile; fileRef = D54D978413D643A900B2C5C8 /* CalendarDemoViewController.m */; };
		D54D978F13D6492400B2C5C8 /* libCalendar.a in Frameworks */ = {isa = PBXBuildFile; fileRef = D5B46D1013CE22CD0079A9C2 /* libCalendar.a */; };
		D54D979613D6492400B2C5C8 /* QuartzCore.framework in Frameworks */ = {isa = PBXBuildFile; fileRef = 320AF8492C47A4D819F7C450 /* QuartzCore.framework */; };
		D58C55BC1763CC4900F21C0F /* UIColor+CXCalendar.h in Headers */ = {isa = PBXBuildFile; fileRef = D58C55BA1763CC4900F21C0F /* UIColor+CXCalendar.h */; };
		D58C55BD1763CC4900F21C0F /* UIColor+CXCalendar.m in Sources */ = {isa = PBXBuildFile; fileRef = D58C55BB1763CC4900F21C0F /* UIColor+CXCalendar.m */; };
		D58C55C01763D92000F21C0F /* UILabel+CXCalendar.h in Headers */ = {isa = PBXBuildFile; fileRef = D58C55BE1763D91F00F21C0F /* UILabel+CXCalendar.h */; };
		D58C55C11763D92000F21C0F /* UILabel+CXCalendar.m in Sources */ = {isa = PBXBuildFile; fileRef = D58C55BF1763D92000F21C0F /* UILabel+CXCalendar.m */; };
		D58C55C41763DD8D00F21C0F /* UIButton+CXCalendar.h in Headers */ = {isa = PBXBuildFile; fileRef = D58C55C21763DD8D00F21C0F /* UIButton+CXCalendar.h */; };
		D58C55C51763DD8D00F21C0F /* UIButton+CXCalendar.m in Sources */ = {isa = PBXBuildFile; fileRef = D58C55C31763DD8D00F21C0F /* UIButton+CXCalendar.m */; };
		D5B46D1413CE22CD0079A9C2 /* Foundation.framework in Frameworks */ = {isa = PBXBuildFile; fileRef = D5B46D1313CE22CD0079A9C2 /* Foundation.framework */; };
		D5B46D1F13CE22CD0079A9C2 /* SenTestingKit.framework in Frameworks */ = {isa = PBXBuildFile; fileRef = D5B46D1E13CE22CD0079A9C2 /* SenTestingKit.framework */; };
		D5B46D2213CE22CD0079A9C2 /* Foundation.framework in Frameworks */ = {isa = PBXBuildFile; fileRef = D5B46D1313CE22CD0079A9C2 /* Foundation.framework */; };
		D5B46D2713CE22CD0079A9C2 /* libCalendar.a in Frameworks */ = {isa = PBXBuildFile; fileRef = D5B46D1013CE22CD0079A9C2 /* libCalendar.a */; };
		D5B46D2D13CE22CD0079A9C2 /* InfoPlist.strings in Resources */ = {isa = PBXBuildFile; fileRef = D5B46D2B13CE22CD0079A9C2 /* InfoPlist.strings */; };
		D5D427AF13CE275100A90CCC /* CXCalendarView.h in Headers */ = {isa = PBXBuildFile; fileRef = D5D427AD13CE275100A90CCC /* CXCalendarView.h */; };
		D5D427B013CE275100A90CCC /* CXCalendarView.m in Sources */ = {isa = PBXBuildFile; fileRef = D5D427AE13CE275100A90CCC /* CXCalendarView.m */; };
		D5D427B313CE279D00A90CCC /* CXCalendarCellView.h in Headers */ = {isa = PBXBuildFile; fileRef = D5D427B113CE279D00A90CCC /* CXCalendarCellView.h */; };
		D5D427B413CE279D00A90CCC /* CXCalendarCellView.m in Sources */ = {isa = PBXBuildFile; fileRef = D5D427B213CE279D00A90CCC /* CXCalendarCellView.m */; };
		D5D427BD13CE29AC00A90CCC /* CalendarViewSpec.m in Sources */ = {isa = PBXBuildFile; fileRef = D5D427B613CE281D00A90CCC /* CalendarViewSpec.m */; };
		D5D427BE13CE29AC00A90CCC /* CalendarViewCellSpec.m in Sources */ = {isa = PBXBuildFile; fileRef = D5D427BA13CE283A00A90CCC /* CalendarViewCellSpec.m */; };
		D5D427BF13CE2AA700A90CCC /* QuartzCore.framework in Frameworks */ = {isa = PBXBuildFile; fileRef = 320AF8492C47A4D819F7C450 /* QuartzCore.framework */; };
/* End PBXBuildFile section */

/* Begin PBXContainerItemProxy section */
		D50E218B16AB73AF009C59E3 /* PBXContainerItemProxy */ = {
			isa = PBXContainerItemProxy;
			containerPortal = D5B46D0713CE22CD0079A9C2 /* Project object */;
			proxyType = 1;
			remoteGlobalIDString = D54D977013D643A800B2C5C8;
			remoteInfo = CalendarDemo;
		};
		D545C74F13DDFF4E008283F8 /* PBXContainerItemProxy */ = {
			isa = PBXContainerItemProxy;
			containerPortal = D5B46D0713CE22CD0079A9C2 /* Project object */;
			proxyType = 1;
			remoteGlobalIDString = D5B46D0F13CE22CD0079A9C2;
			remoteInfo = Calendar;
		};
		D5B46D2513CE22CD0079A9C2 /* PBXContainerItemProxy */ = {
			isa = PBXContainerItemProxy;
			containerPortal = D5B46D0713CE22CD0079A9C2 /* Project object */;
			proxyType = 1;
			remoteGlobalIDString = D5B46D0F13CE22CD0079A9C2;
			remoteInfo = Calendar;
		};
/* End PBXContainerItemProxy section */

/* Begin PBXFileReference section */
		1436B6C614D1AF8200DD7BEA /* CXMultidateCalendarView.h */ = {isa = PBXFileReference; fileEncoding = 4; lastKnownFileType = sourcecode.c.h; path = CXMultidateCalendarView.h; sourceTree = "<group>"; };
		1436B6C714D1AF8200DD7BEA /* CXMultidateCalendarView.m */ = {isa = PBXFileReference; fileEncoding = 4; lastKnownFileType = sourcecode.c.objc; path = CXMultidateCalendarView.m; sourceTree = "<group>"; };
		1436B6CA14D1B66600DD7BEA /* UIKit.framework */ = {isa = PBXFileReference; lastKnownFileType = wrapper.framework; name = UIKit.framework; path = System/Library/Frameworks/UIKit.framework; sourceTree = SDKROOT; };
		1436B6CE14D1BBBD00DD7BEA /* CoreGraphics.framework */ = {isa = PBXFileReference; lastKnownFileType = wrapper.framework; name = CoreGraphics.framework; path = System/Library/Frameworks/CoreGraphics.framework; sourceTree = SDKROOT; };
		320AF8492C47A4D819F7C450 /* QuartzCore.framework */ = {isa = PBXFileReference; lastKnownFileType = wrapper.frameworks; name = QuartzCore.framework; path = System/Library/Frameworks/QuartzCore.framework; sourceTree = SDKROOT; };
		D50E209716AB66D5009C59E3 /* Kiwi.h */ = {isa = PBXFileReference; fileEncoding = 4; lastKnownFileType = sourcecode.c.h; name = Kiwi.h; path = Kiwi/Classes/Kiwi.h; sourceTree = SOURCE_ROOT; };
		D50E209816AB66D5009C59E3 /* KiwiBlockMacros.h */ = {isa = PBXFileReference; fileEncoding = 4; lastKnownFileType = sourcecode.c.h; name = KiwiBlockMacros.h; path = Kiwi/Classes/KiwiBlockMacros.h; sourceTree = SOURCE_ROOT; };
		D50E209916AB66D5009C59E3 /* KiwiConfiguration.h */ = {isa = PBXFileReference; fileEncoding = 4; lastKnownFileType = sourcecode.c.h; name = KiwiConfiguration.h; path = Kiwi/Classes/KiwiConfiguration.h; sourceTree = SOURCE_ROOT; };
		D50E209A16AB66D5009C59E3 /* KiwiMacros.h */ = {isa = PBXFileReference; fileEncoding = 4; lastKnownFileType = sourcecode.c.h; name = KiwiMacros.h; path = Kiwi/Classes/KiwiMacros.h; sourceTree = SOURCE_ROOT; };
		D50E209B16AB66D5009C59E3 /* KiwiNewMacros.h */ = {isa = PBXFileReference; fileEncoding = 4; lastKnownFileType = sourcecode.c.h; name = KiwiNewMacros.h; path = Kiwi/Classes/KiwiNewMacros.h; sourceTree = SOURCE_ROOT; };
		D50E209C16AB66D5009C59E3 /* KWAfterAllNode.h */ = {isa = PBXFileReference; fileEncoding = 4; lastKnownFileType = sourcecode.c.h; name = KWAfterAllNode.h; path = Kiwi/Classes/KWAfterAllNode.h; sourceTree = SOURCE_ROOT; };
		D50E209D16AB66D5009C59E3 /* KWAfterAllNode.m */ = {isa = PBXFileReference; fileEncoding = 4; lastKnownFileType = sourcecode.c.objc; name = KWAfterAllNode.m; path = Kiwi/Classes/KWAfterAllNode.m; sourceTree = SOURCE_ROOT; };
		D50E209E16AB66D5009C59E3 /* KWAfterEachNode.h */ = {isa = PBXFileReference; fileEncoding = 4; lastKnownFileType = sourcecode.c.h; name = KWAfterEachNode.h; path = Kiwi/Classes/KWAfterEachNode.h; sourceTree = SOURCE_ROOT; };
		D50E209F16AB66D5009C59E3 /* KWAfterEachNode.m */ = {isa = PBXFileReference; fileEncoding = 4; lastKnownFileType = sourcecode.c.objc; name = KWAfterEachNode.m; path = Kiwi/Classes/KWAfterEachNode.m; sourceTree = SOURCE_ROOT; };
		D50E20A016AB66D5009C59E3 /* KWAny.h */ = {isa = PBXFileReference; fileEncoding = 4; lastKnownFileType = sourcecode.c.h; name = KWAny.h; path = Kiwi/Classes/KWAny.h; sourceTree = SOURCE_ROOT; };
		D50E20A116AB66D5009C59E3 /* KWAny.m */ = {isa = PBXFileReference; fileEncoding = 4; lastKnownFileType = sourcecode.c.objc; name = KWAny.m; path = Kiwi/Classes/KWAny.m; sourceTree = SOURCE_ROOT; };
		D50E20A216AB66D5009C59E3 /* KWAsyncVerifier.h */ = {isa = PBXFileReference; fileEncoding = 4; lastKnownFileType = sourcecode.c.h; name = KWAsyncVerifier.h; path = Kiwi/Classes/KWAsyncVerifier.h; sourceTree = SOURCE_ROOT; };
		D50E20A316AB66D5009C59E3 /* KWAsyncVerifier.m */ = {isa = PBXFileReference; fileEncoding = 4; lastKnownFileType = sourcecode.c.objc; name = KWAsyncVerifier.m; path = Kiwi/Classes/KWAsyncVerifier.m; sourceTree = SOURCE_ROOT; };
		D50E20A416AB66D5009C59E3 /* KWBeBetweenMatcher.h */ = {isa = PBXFileReference; fileEncoding = 4; lastKnownFileType = sourcecode.c.h; name = KWBeBetweenMatcher.h; path = Kiwi/Classes/KWBeBetweenMatcher.h; sourceTree = SOURCE_ROOT; };
		D50E20A516AB66D5009C59E3 /* KWBeBetweenMatcher.m */ = {isa = PBXFileReference; fileEncoding = 4; lastKnownFileType = sourcecode.c.objc; name = KWBeBetweenMatcher.m; path = Kiwi/Classes/KWBeBetweenMatcher.m; sourceTree = SOURCE_ROOT; };
		D50E20A616AB66D5009C59E3 /* KWBeEmptyMatcher.h */ = {isa = PBXFileReference; fileEncoding = 4; lastKnownFileType = sourcecode.c.h; name = KWBeEmptyMatcher.h; path = Kiwi/Classes/KWBeEmptyMatcher.h; sourceTree = SOURCE_ROOT; };
		D50E20A716AB66D5009C59E3 /* KWBeEmptyMatcher.m */ = {isa = PBXFileReference; fileEncoding = 4; lastKnownFileType = sourcecode.c.objc; name = KWBeEmptyMatcher.m; path = Kiwi/Classes/KWBeEmptyMatcher.m; sourceTree = SOURCE_ROOT; };
		D50E20A816AB66D5009C59E3 /* KWBeforeAllNode.h */ = {isa = PBXFileReference; fileEncoding = 4; lastKnownFileType = sourcecode.c.h; name = KWBeforeAllNode.h; path = Kiwi/Classes/KWBeforeAllNode.h; sourceTree = SOURCE_ROOT; };
		D50E20A916AB66D5009C59E3 /* KWBeforeAllNode.m */ = {isa = PBXFileReference; fileEncoding = 4; lastKnownFileType = sourcecode.c.objc; name = KWBeforeAllNode.m; path = Kiwi/Classes/KWBeforeAllNode.m; sourceTree = SOURCE_ROOT; };
		D50E20AA16AB66D5009C59E3 /* KWBeforeEachNode.h */ = {isa = PBXFileReference; fileEncoding = 4; lastKnownFileType = sourcecode.c.h; name = KWBeforeEachNode.h; path = Kiwi/Classes/KWBeforeEachNode.h; sourceTree = SOURCE_ROOT; };
		D50E20AB16AB66D5009C59E3 /* KWBeforeEachNode.m */ = {isa = PBXFileReference; fileEncoding = 4; lastKnownFileType = sourcecode.c.objc; name = KWBeforeEachNode.m; path = Kiwi/Classes/KWBeforeEachNode.m; sourceTree = SOURCE_ROOT; };
		D50E20AC16AB66D5009C59E3 /* KWBeIdenticalToMatcher.h */ = {isa = PBXFileReference; fileEncoding = 4; lastKnownFileType = sourcecode.c.h; name = KWBeIdenticalToMatcher.h; path = Kiwi/Classes/KWBeIdenticalToMatcher.h; sourceTree = SOURCE_ROOT; };
		D50E20AD16AB66D5009C59E3 /* KWBeIdenticalToMatcher.m */ = {isa = PBXFileReference; fileEncoding = 4; lastKnownFileType = sourcecode.c.objc; name = KWBeIdenticalToMatcher.m; path = Kiwi/Classes/KWBeIdenticalToMatcher.m; sourceTree = SOURCE_ROOT; };
		D50E20AE16AB66D5009C59E3 /* KWBeKindOfClassMatcher.h */ = {isa = PBXFileReference; fileEncoding = 4; lastKnownFileType = sourcecode.c.h; name = KWBeKindOfClassMatcher.h; path = Kiwi/Classes/KWBeKindOfClassMatcher.h; sourceTree = SOURCE_ROOT; };
		D50E20AF16AB66D5009C59E3 /* KWBeKindOfClassMatcher.m */ = {isa = PBXFileReference; fileEncoding = 4; lastKnownFileType = sourcecode.c.objc; name = KWBeKindOfClassMatcher.m; path = Kiwi/Classes/KWBeKindOfClassMatcher.m; sourceTree = SOURCE_ROOT; };
		D50E20B016AB66D5009C59E3 /* KWBeMemberOfClassMatcher.h */ = {isa = PBXFileReference; fileEncoding = 4; lastKnownFileType = sourcecode.c.h; name = KWBeMemberOfClassMatcher.h; path = Kiwi/Classes/KWBeMemberOfClassMatcher.h; sourceTree = SOURCE_ROOT; };
		D50E20B116AB66D5009C59E3 /* KWBeMemberOfClassMatcher.m */ = {isa = PBXFileReference; fileEncoding = 4; lastKnownFileType = sourcecode.c.objc; name = KWBeMemberOfClassMatcher.m; path = Kiwi/Classes/KWBeMemberOfClassMatcher.m; sourceTree = SOURCE_ROOT; };
		D50E20B216AB66D5009C59E3 /* KWBeNilMatcher.h */ = {isa = PBXFileReference; fileEncoding = 4; lastKnownFileType = sourcecode.c.h; name = KWBeNilMatcher.h; path = Kiwi/Classes/KWBeNilMatcher.h; sourceTree = SOURCE_ROOT; };
		D50E20B316AB66D5009C59E3 /* KWBeNilMatcher.m */ = {isa = PBXFileReference; fileEncoding = 4; lastKnownFileType = sourcecode.c.objc; name = KWBeNilMatcher.m; path = Kiwi/Classes/KWBeNilMatcher.m; sourceTree = SOURCE_ROOT; };
		D50E20B416AB66D5009C59E3 /* KWBeNonNilMatcher.h */ = {isa = PBXFileReference; fileEncoding = 4; lastKnownFileType = sourcecode.c.h; name = KWBeNonNilMatcher.h; path = Kiwi/Classes/KWBeNonNilMatcher.h; sourceTree = SOURCE_ROOT; };
		D50E20B516AB66D5009C59E3 /* KWBeNonNilMatcher.m */ = {isa = PBXFileReference; fileEncoding = 4; lastKnownFileType = sourcecode.c.objc; name = KWBeNonNilMatcher.m; path = Kiwi/Classes/KWBeNonNilMatcher.m; sourceTree = SOURCE_ROOT; };
		D50E20B616AB66D5009C59E3 /* KWBeSubclassOfClassMatcher.h */ = {isa = PBXFileReference; fileEncoding = 4; lastKnownFileType = sourcecode.c.h; name = KWBeSubclassOfClassMatcher.h; path = Kiwi/Classes/KWBeSubclassOfClassMatcher.h; sourceTree = SOURCE_ROOT; };
		D50E20B716AB66D5009C59E3 /* KWBeSubclassOfClassMatcher.m */ = {isa = PBXFileReference; fileEncoding = 4; lastKnownFileType = sourcecode.c.objc; name = KWBeSubclassOfClassMatcher.m; path = Kiwi/Classes/KWBeSubclassOfClassMatcher.m; sourceTree = SOURCE_ROOT; };
		D50E20B816AB66D5009C59E3 /* KWBeTrueMatcher.h */ = {isa = PBXFileReference; fileEncoding = 4; lastKnownFileType = sourcecode.c.h; name = KWBeTrueMatcher.h; path = Kiwi/Classes/KWBeTrueMatcher.h; sourceTree = SOURCE_ROOT; };
		D50E20B916AB66D5009C59E3 /* KWBeTrueMatcher.m */ = {isa = PBXFileReference; fileEncoding = 4; lastKnownFileType = sourcecode.c.objc; name = KWBeTrueMatcher.m; path = Kiwi/Classes/KWBeTrueMatcher.m; sourceTree = SOURCE_ROOT; };
		D50E20BA16AB66D5009C59E3 /* KWBeWithinMatcher.h */ = {isa = PBXFileReference; fileEncoding = 4; lastKnownFileType = sourcecode.c.h; name = KWBeWithinMatcher.h; path = Kiwi/Classes/KWBeWithinMatcher.h; sourceTree = SOURCE_ROOT; };
		D50E20BB16AB66D5009C59E3 /* KWBeWithinMatcher.m */ = {isa = PBXFileReference; fileEncoding = 4; lastKnownFileType = sourcecode.c.objc; name = KWBeWithinMatcher.m; path = Kiwi/Classes/KWBeWithinMatcher.m; sourceTree = SOURCE_ROOT; };
		D50E20BC16AB66D5009C59E3 /* KWBeZeroMatcher.h */ = {isa = PBXFileReference; fileEncoding = 4; lastKnownFileType = sourcecode.c.h; name = KWBeZeroMatcher.h; path = Kiwi/Classes/KWBeZeroMatcher.h; sourceTree = SOURCE_ROOT; };
		D50E20BD16AB66D5009C59E3 /* KWBeZeroMatcher.m */ = {isa = PBXFileReference; fileEncoding = 4; lastKnownFileType = sourcecode.c.objc; name = KWBeZeroMatcher.m; path = Kiwi/Classes/KWBeZeroMatcher.m; sourceTree = SOURCE_ROOT; };
		D50E20BE16AB66D5009C59E3 /* KWBlock.h */ = {isa = PBXFileReference; fileEncoding = 4; lastKnownFileType = sourcecode.c.h; name = KWBlock.h; path = Kiwi/Classes/KWBlock.h; sourceTree = SOURCE_ROOT; };
		D50E20BF16AB66D5009C59E3 /* KWBlock.m */ = {isa = PBXFileReference; fileEncoding = 4; lastKnownFileType = sourcecode.c.objc; name = KWBlock.m; path = Kiwi/Classes/KWBlock.m; sourceTree = SOURCE_ROOT; };
		D50E20C016AB66D5009C59E3 /* KWBlockNode.h */ = {isa = PBXFileReference; fileEncoding = 4; lastKnownFileType = sourcecode.c.h; name = KWBlockNode.h; path = Kiwi/Classes/KWBlockNode.h; sourceTree = SOURCE_ROOT; };
		D50E20C116AB66D5009C59E3 /* KWBlockNode.m */ = {isa = PBXFileReference; fileEncoding = 4; lastKnownFileType = sourcecode.c.objc; name = KWBlockNode.m; path = Kiwi/Classes/KWBlockNode.m; sourceTree = SOURCE_ROOT; };
		D50E20C216AB66D5009C59E3 /* KWBlockRaiseMatcher.h */ = {isa = PBXFileReference; fileEncoding = 4; lastKnownFileType = sourcecode.c.h; name = KWBlockRaiseMatcher.h; path = Kiwi/Classes/KWBlockRaiseMatcher.h; sourceTree = SOURCE_ROOT; };
		D50E20C316AB66D5009C59E3 /* KWBlockRaiseMatcher.m */ = {isa = PBXFileReference; fileEncoding = 4; lastKnownFileType = sourcecode.c.objc; name = KWBlockRaiseMatcher.m; path = Kiwi/Classes/KWBlockRaiseMatcher.m; sourceTree = SOURCE_ROOT; };
		D50E20C416AB66D5009C59E3 /* KWCallSite.h */ = {isa = PBXFileReference; fileEncoding = 4; lastKnownFileType = sourcecode.c.h; name = KWCallSite.h; path = Kiwi/Classes/KWCallSite.h; sourceTree = SOURCE_ROOT; };
		D50E20C516AB66D5009C59E3 /* KWCallSite.m */ = {isa = PBXFileReference; fileEncoding = 4; lastKnownFileType = sourcecode.c.objc; name = KWCallSite.m; path = Kiwi/Classes/KWCallSite.m; sourceTree = SOURCE_ROOT; };
		D50E20C616AB66D5009C59E3 /* KWCaptureSpy.h */ = {isa = PBXFileReference; fileEncoding = 4; lastKnownFileType = sourcecode.c.h; name = KWCaptureSpy.h; path = Kiwi/Classes/KWCaptureSpy.h; sourceTree = SOURCE_ROOT; };
		D50E20C716AB66D5009C59E3 /* KWCaptureSpy.m */ = {isa = PBXFileReference; fileEncoding = 4; lastKnownFileType = sourcecode.c.objc; name = KWCaptureSpy.m; path = Kiwi/Classes/KWCaptureSpy.m; sourceTree = SOURCE_ROOT; };
		D50E20C816AB66D5009C59E3 /* KWChangeMatcher.h */ = {isa = PBXFileReference; fileEncoding = 4; lastKnownFileType = sourcecode.c.h; name = KWChangeMatcher.h; path = Kiwi/Classes/KWChangeMatcher.h; sourceTree = SOURCE_ROOT; };
		D50E20C916AB66D5009C59E3 /* KWChangeMatcher.m */ = {isa = PBXFileReference; fileEncoding = 4; lastKnownFileType = sourcecode.c.objc; name = KWChangeMatcher.m; path = Kiwi/Classes/KWChangeMatcher.m; sourceTree = SOURCE_ROOT; };
		D50E20CA16AB66D5009C59E3 /* KWConformToProtocolMatcher.h */ = {isa = PBXFileReference; fileEncoding = 4; lastKnownFileType = sourcecode.c.h; name = KWConformToProtocolMatcher.h; path = Kiwi/Classes/KWConformToProtocolMatcher.h; sourceTree = SOURCE_ROOT; };
		D50E20CB16AB66D5009C59E3 /* KWConformToProtocolMatcher.m */ = {isa = PBXFileReference; fileEncoding = 4; lastKnownFileType = sourcecode.c.objc; name = KWConformToProtocolMatcher.m; path = Kiwi/Classes/KWConformToProtocolMatcher.m; sourceTree = SOURCE_ROOT; };
		D50E20CC16AB66D5009C59E3 /* KWContainMatcher.h */ = {isa = PBXFileReference; fileEncoding = 4; lastKnownFileType = sourcecode.c.h; name = KWContainMatcher.h; path = Kiwi/Classes/KWContainMatcher.h; sourceTree = SOURCE_ROOT; };
		D50E20CD16AB66D5009C59E3 /* KWContainMatcher.m */ = {isa = PBXFileReference; fileEncoding = 4; lastKnownFileType = sourcecode.c.objc; name = KWContainMatcher.m; path = Kiwi/Classes/KWContainMatcher.m; sourceTree = SOURCE_ROOT; };
		D50E20CE16AB66D5009C59E3 /* KWContextNode.h */ = {isa = PBXFileReference; fileEncoding = 4; lastKnownFileType = sourcecode.c.h; name = KWContextNode.h; path = Kiwi/Classes/KWContextNode.h; sourceTree = SOURCE_ROOT; };
		D50E20CF16AB66D5009C59E3 /* KWContextNode.m */ = {isa = PBXFileReference; fileEncoding = 4; lastKnownFileType = sourcecode.c.objc; name = KWContextNode.m; path = Kiwi/Classes/KWContextNode.m; sourceTree = SOURCE_ROOT; };
		D50E20D016AB66D5009C59E3 /* KWCountType.h */ = {isa = PBXFileReference; fileEncoding = 4; lastKnownFileType = sourcecode.c.h; name = KWCountType.h; path = Kiwi/Classes/KWCountType.h; sourceTree = SOURCE_ROOT; };
		D50E20D116AB66D5009C59E3 /* KWDeviceInfo.h */ = {isa = PBXFileReference; fileEncoding = 4; lastKnownFileType = sourcecode.c.h; name = KWDeviceInfo.h; path = Kiwi/Classes/KWDeviceInfo.h; sourceTree = SOURCE_ROOT; };
		D50E20D216AB66D5009C59E3 /* KWDeviceInfo.m */ = {isa = PBXFileReference; fileEncoding = 4; lastKnownFileType = sourcecode.c.objc; name = KWDeviceInfo.m; path = Kiwi/Classes/KWDeviceInfo.m; sourceTree = SOURCE_ROOT; };
		D50E20D316AB66D5009C59E3 /* KWEqualMatcher.h */ = {isa = PBXFileReference; fileEncoding = 4; lastKnownFileType = sourcecode.c.h; name = KWEqualMatcher.h; path = Kiwi/Classes/KWEqualMatcher.h; sourceTree = SOURCE_ROOT; };
		D50E20D416AB66D5009C59E3 /* KWEqualMatcher.m */ = {isa = PBXFileReference; fileEncoding = 4; lastKnownFileType = sourcecode.c.objc; name = KWEqualMatcher.m; path = Kiwi/Classes/KWEqualMatcher.m; sourceTree = SOURCE_ROOT; };
		D50E20D516AB66D5009C59E3 /* KWExample.h */ = {isa = PBXFileReference; fileEncoding = 4; lastKnownFileType = sourcecode.c.h; name = KWExample.h; path = Kiwi/Classes/KWExample.h; sourceTree = SOURCE_ROOT; };
		D50E20D616AB66D5009C59E3 /* KWExample.m */ = {isa = PBXFileReference; fileEncoding = 4; lastKnownFileType = sourcecode.c.objc; name = KWExample.m; path = Kiwi/Classes/KWExample.m; sourceTree = SOURCE_ROOT; };
		D50E20D716AB66D5009C59E3 /* KWExampleGroupBuilder.h */ = {isa = PBXFileReference; fileEncoding = 4; lastKnownFileType = sourcecode.c.h; name = KWExampleGroupBuilder.h; path = Kiwi/Classes/KWExampleGroupBuilder.h; sourceTree = SOURCE_ROOT; };
		D50E20D816AB66D5009C59E3 /* KWExampleGroupBuilder.m */ = {isa = PBXFileReference; fileEncoding = 4; lastKnownFileType = sourcecode.c.objc; name = KWExampleGroupBuilder.m; path = Kiwi/Classes/KWExampleGroupBuilder.m; sourceTree = SOURCE_ROOT; };
		D50E20D916AB66D5009C59E3 /* KWExampleGroupDelegate.h */ = {isa = PBXFileReference; fileEncoding = 4; lastKnownFileType = sourcecode.c.h; name = KWExampleGroupDelegate.h; path = Kiwi/Classes/KWExampleGroupDelegate.h; sourceTree = SOURCE_ROOT; };
		D50E20DA16AB66D5009C59E3 /* KWExampleNode.h */ = {isa = PBXFileReference; fileEncoding = 4; lastKnownFileType = sourcecode.c.h; name = KWExampleNode.h; path = Kiwi/Classes/KWExampleNode.h; sourceTree = SOURCE_ROOT; };
		D50E20DB16AB66D5009C59E3 /* KWExampleNodeVisitor.h */ = {isa = PBXFileReference; fileEncoding = 4; lastKnownFileType = sourcecode.c.h; name = KWExampleNodeVisitor.h; path = Kiwi/Classes/KWExampleNodeVisitor.h; sourceTree = SOURCE_ROOT; };
		D50E20DC16AB66D5009C59E3 /* KWExampleSuite.h */ = {isa = PBXFileReference; fileEncoding = 4; lastKnownFileType = sourcecode.c.h; name = KWExampleSuite.h; path = Kiwi/Classes/KWExampleSuite.h; sourceTree = SOURCE_ROOT; };
		D50E20DD16AB66D5009C59E3 /* KWExampleSuite.m */ = {isa = PBXFileReference; fileEncoding = 4; lastKnownFileType = sourcecode.c.objc; name = KWExampleSuite.m; path = Kiwi/Classes/KWExampleSuite.m; sourceTree = SOURCE_ROOT; };
		D50E20DE16AB66D5009C59E3 /* KWExistVerifier.h */ = {isa = PBXFileReference; fileEncoding = 4; lastKnownFileType = sourcecode.c.h; name = KWExistVerifier.h; path = Kiwi/Classes/KWExistVerifier.h; sourceTree = SOURCE_ROOT; };
		D50E20DF16AB66D5009C59E3 /* KWExistVerifier.m */ = {isa = PBXFileReference; fileEncoding = 4; lastKnownFileType = sourcecode.c.objc; name = KWExistVerifier.m; path = Kiwi/Classes/KWExistVerifier.m; sourceTree = SOURCE_ROOT; };
		D50E20E016AB66D5009C59E3 /* KWExpectationType.h */ = {isa = PBXFileReference; fileEncoding = 4; lastKnownFileType = sourcecode.c.h; name = KWExpectationType.h; path = Kiwi/Classes/KWExpectationType.h; sourceTree = SOURCE_ROOT; };
		D50E20E116AB66D5009C59E3 /* KWFailure.h */ = {isa = PBXFileReference; fileEncoding = 4; lastKnownFileType = sourcecode.c.h; name = KWFailure.h; path = Kiwi/Classes/KWFailure.h; sourceTree = SOURCE_ROOT; };
		D50E20E216AB66D5009C59E3 /* KWFailure.m */ = {isa = PBXFileReference; fileEncoding = 4; lastKnownFileType = sourcecode.c.objc; name = KWFailure.m; path = Kiwi/Classes/KWFailure.m; sourceTree = SOURCE_ROOT; };
		D50E20E316AB66D5009C59E3 /* KWFormatter.h */ = {isa = PBXFileReference; fileEncoding = 4; lastKnownFileType = sourcecode.c.h; name = KWFormatter.h; path = Kiwi/Classes/KWFormatter.h; sourceTree = SOURCE_ROOT; };
		D50E20E416AB66D5009C59E3 /* KWFormatter.m */ = {isa = PBXFileReference; fileEncoding = 4; lastKnownFileType = sourcecode.c.objc; name = KWFormatter.m; path = Kiwi/Classes/KWFormatter.m; sourceTree = SOURCE_ROOT; };
		D50E20E516AB66D5009C59E3 /* KWFutureObject.h */ = {isa = PBXFileReference; fileEncoding = 4; lastKnownFileType = sourcecode.c.h; name = KWFutureObject.h; path = Kiwi/Classes/KWFutureObject.h; sourceTree = SOURCE_ROOT; };
		D50E20E616AB66D5009C59E3 /* KWFutureObject.m */ = {isa = PBXFileReference; fileEncoding = 4; lastKnownFileType = sourcecode.c.objc; name = KWFutureObject.m; path = Kiwi/Classes/KWFutureObject.m; sourceTree = SOURCE_ROOT; };
		D50E20E716AB66D5009C59E3 /* KWHamcrestMatcher.h */ = {isa = PBXFileReference; fileEncoding = 4; lastKnownFileType = sourcecode.c.h; name = KWHamcrestMatcher.h; path = Kiwi/Classes/KWHamcrestMatcher.h; sourceTree = SOURCE_ROOT; };
		D50E20E816AB66D5009C59E3 /* KWHamcrestMatcher.m */ = {isa = PBXFileReference; fileEncoding = 4; lastKnownFileType = sourcecode.c.objc; name = KWHamcrestMatcher.m; path = Kiwi/Classes/KWHamcrestMatcher.m; sourceTree = SOURCE_ROOT; };
		D50E20E916AB66D5009C59E3 /* KWHamrestMatchingAdditions.h */ = {isa = PBXFileReference; fileEncoding = 4; lastKnownFileType = sourcecode.c.h; name = KWHamrestMatchingAdditions.h; path = Kiwi/Classes/KWHamrestMatchingAdditions.h; sourceTree = SOURCE_ROOT; };
		D50E20EA16AB66D5009C59E3 /* KWHamrestMatchingAdditions.m */ = {isa = PBXFileReference; fileEncoding = 4; lastKnownFileType = sourcecode.c.objc; name = KWHamrestMatchingAdditions.m; path = Kiwi/Classes/KWHamrestMatchingAdditions.m; sourceTree = SOURCE_ROOT; };
		D50E20EB16AB66D5009C59E3 /* KWHaveMatcher.h */ = {isa = PBXFileReference; fileEncoding = 4; lastKnownFileType = sourcecode.c.h; name = KWHaveMatcher.h; path = Kiwi/Classes/KWHaveMatcher.h; sourceTree = SOURCE_ROOT; };
		D50E20EC16AB66D5009C59E3 /* KWHaveMatcher.m */ = {isa = PBXFileReference; fileEncoding = 4; lastKnownFileType = sourcecode.c.objc; name = KWHaveMatcher.m; path = Kiwi/Classes/KWHaveMatcher.m; sourceTree = SOURCE_ROOT; };
		D50E20ED16AB66D5009C59E3 /* KWHaveValueMatcher.h */ = {isa = PBXFileReference; fileEncoding = 4; lastKnownFileType = sourcecode.c.h; name = KWHaveValueMatcher.h; path = Kiwi/Classes/KWHaveValueMatcher.h; sourceTree = SOURCE_ROOT; };
		D50E20EE16AB66D5009C59E3 /* KWHaveValueMatcher.m */ = {isa = PBXFileReference; fileEncoding = 4; lastKnownFileType = sourcecode.c.objc; name = KWHaveValueMatcher.m; path = Kiwi/Classes/KWHaveValueMatcher.m; sourceTree = SOURCE_ROOT; };
		D50E20EF16AB66D5009C59E3 /* KWHCMatcher.h */ = {isa = PBXFileReference; fileEncoding = 4; lastKnownFileType = sourcecode.c.h; name = KWHCMatcher.h; path = Kiwi/Classes/KWHCMatcher.h; sourceTree = SOURCE_ROOT; };
		D50E20F016AB66D5009C59E3 /* KWInequalityMatcher.h */ = {isa = PBXFileReference; fileEncoding = 4; lastKnownFileType = sourcecode.c.h; name = KWInequalityMatcher.h; path = Kiwi/Classes/KWInequalityMatcher.h; sourceTree = SOURCE_ROOT; };
		D50E20F116AB66D5009C59E3 /* KWInequalityMatcher.m */ = {isa = PBXFileReference; fileEncoding = 4; lastKnownFileType = sourcecode.c.objc; name = KWInequalityMatcher.m; path = Kiwi/Classes/KWInequalityMatcher.m; sourceTree = SOURCE_ROOT; };
		D50E20F216AB66D5009C59E3 /* KWIntercept.h */ = {isa = PBXFileReference; fileEncoding = 4; lastKnownFileType = sourcecode.c.h; name = KWIntercept.h; path = Kiwi/Classes/KWIntercept.h; sourceTree = SOURCE_ROOT; };
		D50E20F316AB66D5009C59E3 /* KWIntercept.m */ = {isa = PBXFileReference; fileEncoding = 4; lastKnownFileType = sourcecode.c.objc; name = KWIntercept.m; path = Kiwi/Classes/KWIntercept.m; sourceTree = SOURCE_ROOT; };
		D50E20F416AB66D5009C59E3 /* KWInvocationCapturer.h */ = {isa = PBXFileReference; fileEncoding = 4; lastKnownFileType = sourcecode.c.h; name = KWInvocationCapturer.h; path = Kiwi/Classes/KWInvocationCapturer.h; sourceTree = SOURCE_ROOT; };
		D50E20F516AB66D5009C59E3 /* KWInvocationCapturer.m */ = {isa = PBXFileReference; fileEncoding = 4; lastKnownFileType = sourcecode.c.objc; name = KWInvocationCapturer.m; path = Kiwi/Classes/KWInvocationCapturer.m; sourceTree = SOURCE_ROOT; };
		D50E20F616AB66D5009C59E3 /* KWItNode.h */ = {isa = PBXFileReference; fileEncoding = 4; lastKnownFileType = sourcecode.c.h; name = KWItNode.h; path = Kiwi/Classes/KWItNode.h; sourceTree = SOURCE_ROOT; };
		D50E20F716AB66D5009C59E3 /* KWItNode.m */ = {isa = PBXFileReference; fileEncoding = 4; lastKnownFileType = sourcecode.c.objc; name = KWItNode.m; path = Kiwi/Classes/KWItNode.m; sourceTree = SOURCE_ROOT; };
		D50E20F816AB66D5009C59E3 /* KWMatcher.h */ = {isa = PBXFileReference; fileEncoding = 4; lastKnownFileType = sourcecode.c.h; name = KWMatcher.h; path = Kiwi/Classes/KWMatcher.h; sourceTree = SOURCE_ROOT; };
		D50E20F916AB66D5009C59E3 /* KWMatcher.m */ = {isa = PBXFileReference; fileEncoding = 4; lastKnownFileType = sourcecode.c.objc; name = KWMatcher.m; path = Kiwi/Classes/KWMatcher.m; sourceTree = SOURCE_ROOT; };
		D50E20FA16AB66D5009C59E3 /* KWMatcherFactory.h */ = {isa = PBXFileReference; fileEncoding = 4; lastKnownFileType = sourcecode.c.h; name = KWMatcherFactory.h; path = Kiwi/Classes/KWMatcherFactory.h; sourceTree = SOURCE_ROOT; };
		D50E20FB16AB66D5009C59E3 /* KWMatcherFactory.m */ = {isa = PBXFileReference; fileEncoding = 4; lastKnownFileType = sourcecode.c.objc; name = KWMatcherFactory.m; path = Kiwi/Classes/KWMatcherFactory.m; sourceTree = SOURCE_ROOT; };
		D50E20FC16AB66D5009C59E3 /* KWMatchers.h */ = {isa = PBXFileReference; fileEncoding = 4; lastKnownFileType = sourcecode.c.h; name = KWMatchers.h; path = Kiwi/Classes/KWMatchers.h; sourceTree = SOURCE_ROOT; };
		D50E20FD16AB66D5009C59E3 /* KWMatchers.m */ = {isa = PBXFileReference; fileEncoding = 4; lastKnownFileType = sourcecode.c.objc; name = KWMatchers.m; path = Kiwi/Classes/KWMatchers.m; sourceTree = SOURCE_ROOT; };
		D50E20FE16AB66D5009C59E3 /* KWMatching.h */ = {isa = PBXFileReference; fileEncoding = 4; lastKnownFileType = sourcecode.c.h; name = KWMatching.h; path = Kiwi/Classes/KWMatching.h; sourceTree = SOURCE_ROOT; };
		D50E20FF16AB66D5009C59E3 /* KWMatchVerifier.h */ = {isa = PBXFileReference; fileEncoding = 4; lastKnownFileType = sourcecode.c.h; name = KWMatchVerifier.h; path = Kiwi/Classes/KWMatchVerifier.h; sourceTree = SOURCE_ROOT; };
		D50E210016AB66D5009C59E3 /* KWMatchVerifier.m */ = {isa = PBXFileReference; fileEncoding = 4; lastKnownFileType = sourcecode.c.objc; name = KWMatchVerifier.m; path = Kiwi/Classes/KWMatchVerifier.m; sourceTree = SOURCE_ROOT; };
		D50E210116AB66D5009C59E3 /* KWMessagePattern.h */ = {isa = PBXFileReference; fileEncoding = 4; lastKnownFileType = sourcecode.c.h; name = KWMessagePattern.h; path = Kiwi/Classes/KWMessagePattern.h; sourceTree = SOURCE_ROOT; };
		D50E210216AB66D5009C59E3 /* KWMessagePattern.m */ = {isa = PBXFileReference; fileEncoding = 4; lastKnownFileType = sourcecode.c.objc; name = KWMessagePattern.m; path = Kiwi/Classes/KWMessagePattern.m; sourceTree = SOURCE_ROOT; };
		D50E210316AB66D5009C59E3 /* KWMessageSpying.h */ = {isa = PBXFileReference; fileEncoding = 4; lastKnownFileType = sourcecode.c.h; name = KWMessageSpying.h; path = Kiwi/Classes/KWMessageSpying.h; sourceTree = SOURCE_ROOT; };
		D50E210416AB66D5009C59E3 /* KWMessageTracker.h */ = {isa = PBXFileReference; fileEncoding = 4; lastKnownFileType = sourcecode.c.h; name = KWMessageTracker.h; path = Kiwi/Classes/KWMessageTracker.h; sourceTree = SOURCE_ROOT; };
		D50E210516AB66D5009C59E3 /* KWMessageTracker.m */ = {isa = PBXFileReference; fileEncoding = 4; lastKnownFileType = sourcecode.c.objc; name = KWMessageTracker.m; path = Kiwi/Classes/KWMessageTracker.m; sourceTree = SOURCE_ROOT; };
		D50E210616AB66D5009C59E3 /* KWMock.h */ = {isa = PBXFileReference; fileEncoding = 4; lastKnownFileType = sourcecode.c.h; name = KWMock.h; path = Kiwi/Classes/KWMock.h; sourceTree = SOURCE_ROOT; };
		D50E210716AB66D5009C59E3 /* KWMock.m */ = {isa = PBXFileReference; fileEncoding = 4; lastKnownFileType = sourcecode.c.objc; name = KWMock.m; path = Kiwi/Classes/KWMock.m; sourceTree = SOURCE_ROOT; };
		D50E210816AB66D5009C59E3 /* KWNull.h */ = {isa = PBXFileReference; fileEncoding = 4; lastKnownFileType = sourcecode.c.h; name = KWNull.h; path = Kiwi/Classes/KWNull.h; sourceTree = SOURCE_ROOT; };
		D50E210916AB66D5009C59E3 /* KWNull.m */ = {isa = PBXFileReference; fileEncoding = 4; lastKnownFileType = sourcecode.c.objc; name = KWNull.m; path = Kiwi/Classes/KWNull.m; sourceTree = SOURCE_ROOT; };
		D50E210A16AB66D5009C59E3 /* KWObjCUtilities.h */ = {isa = PBXFileReference; fileEncoding = 4; lastKnownFileType = sourcecode.c.h; name = KWObjCUtilities.h; path = Kiwi/Classes/KWObjCUtilities.h; sourceTree = SOURCE_ROOT; };
		D50E210B16AB66D5009C59E3 /* KWObjCUtilities.m */ = {isa = PBXFileReference; fileEncoding = 4; lastKnownFileType = sourcecode.c.objc; name = KWObjCUtilities.m; path = Kiwi/Classes/KWObjCUtilities.m; sourceTree = SOURCE_ROOT; };
		D50E210C16AB66D5009C59E3 /* KWPendingNode.h */ = {isa = PBXFileReference; fileEncoding = 4; lastKnownFileType = sourcecode.c.h; name = KWPendingNode.h; path = Kiwi/Classes/KWPendingNode.h; sourceTree = SOURCE_ROOT; };
		D50E210D16AB66D5009C59E3 /* KWPendingNode.m */ = {isa = PBXFileReference; fileEncoding = 4; lastKnownFileType = sourcecode.c.objc; name = KWPendingNode.m; path = Kiwi/Classes/KWPendingNode.m; sourceTree = SOURCE_ROOT; };
		D50E210E16AB66D5009C59E3 /* KWProbe.h */ = {isa = PBXFileReference; fileEncoding = 4; lastKnownFileType = sourcecode.c.h; name = KWProbe.h; path = Kiwi/Classes/KWProbe.h; sourceTree = SOURCE_ROOT; };
		D50E210F16AB66D5009C59E3 /* KWProbePoller.h */ = {isa = PBXFileReference; fileEncoding = 4; lastKnownFileType = sourcecode.c.h; name = KWProbePoller.h; path = Kiwi/Classes/KWProbePoller.h; sourceTree = SOURCE_ROOT; };
		D50E211016AB66D5009C59E3 /* KWProbePoller.m */ = {isa = PBXFileReference; fileEncoding = 4; lastKnownFileType = sourcecode.c.objc; name = KWProbePoller.m; path = Kiwi/Classes/KWProbePoller.m; sourceTree = SOURCE_ROOT; };
		D50E211116AB66D5009C59E3 /* KWRaiseMatcher.h */ = {isa = PBXFileReference; fileEncoding = 4; lastKnownFileType = sourcecode.c.h; name = KWRaiseMatcher.h; path = Kiwi/Classes/KWRaiseMatcher.h; sourceTree = SOURCE_ROOT; };
		D50E211216AB66D5009C59E3 /* KWRaiseMatcher.m */ = {isa = PBXFileReference; fileEncoding = 4; lastKnownFileType = sourcecode.c.objc; name = KWRaiseMatcher.m; path = Kiwi/Classes/KWRaiseMatcher.m; sourceTree = SOURCE_ROOT; };
		D50E211316AB66D5009C59E3 /* KWReceiveMatcher.h */ = {isa = PBXFileReference; fileEncoding = 4; lastKnownFileType = sourcecode.c.h; name = KWReceiveMatcher.h; path = Kiwi/Classes/KWReceiveMatcher.h; sourceTree = SOURCE_ROOT; };
		D50E211416AB66D5009C59E3 /* KWReceiveMatcher.m */ = {isa = PBXFileReference; fileEncoding = 4; lastKnownFileType = sourcecode.c.objc; name = KWReceiveMatcher.m; path = Kiwi/Classes/KWReceiveMatcher.m; sourceTree = SOURCE_ROOT; };
		D50E211516AB66D5009C59E3 /* KWRegisterMatchersNode.h */ = {isa = PBXFileReference; fileEncoding = 4; lastKnownFileType = sourcecode.c.h; name = KWRegisterMatchersNode.h; path = Kiwi/Classes/KWRegisterMatchersNode.h; sourceTree = SOURCE_ROOT; };
		D50E211616AB66D5009C59E3 /* KWRegisterMatchersNode.m */ = {isa = PBXFileReference; fileEncoding = 4; lastKnownFileType = sourcecode.c.objc; name = KWRegisterMatchersNode.m; path = Kiwi/Classes/KWRegisterMatchersNode.m; sourceTree = SOURCE_ROOT; };
		D50E211716AB66D5009C59E3 /* KWReporting.h */ = {isa = PBXFileReference; fileEncoding = 4; lastKnownFileType = sourcecode.c.h; name = KWReporting.h; path = Kiwi/Classes/KWReporting.h; sourceTree = SOURCE_ROOT; };
		D50E211816AB66D5009C59E3 /* KWRespondToSelectorMatcher.h */ = {isa = PBXFileReference; fileEncoding = 4; lastKnownFileType = sourcecode.c.h; name = KWRespondToSelectorMatcher.h; path = Kiwi/Classes/KWRespondToSelectorMatcher.h; sourceTree = SOURCE_ROOT; };
		D50E211916AB66D5009C59E3 /* KWRespondToSelectorMatcher.m */ = {isa = PBXFileReference; fileEncoding = 4; lastKnownFileType = sourcecode.c.objc; name = KWRespondToSelectorMatcher.m; path = Kiwi/Classes/KWRespondToSelectorMatcher.m; sourceTree = SOURCE_ROOT; };
		D50E211A16AB66D5009C59E3 /* KWSpec.h */ = {isa = PBXFileReference; fileEncoding = 4; lastKnownFileType = sourcecode.c.h; name = KWSpec.h; path = Kiwi/Classes/KWSpec.h; sourceTree = SOURCE_ROOT; };
		D50E211B16AB66D5009C59E3 /* KWSpec.m */ = {isa = PBXFileReference; fileEncoding = 4; lastKnownFileType = sourcecode.c.objc; name = KWSpec.m; path = Kiwi/Classes/KWSpec.m; sourceTree = SOURCE_ROOT; };
		D50E211C16AB66D5009C59E3 /* KWStringContainsMatcher.h */ = {isa = PBXFileReference; fileEncoding = 4; lastKnownFileType = sourcecode.c.h; name = KWStringContainsMatcher.h; path = Kiwi/Classes/KWStringContainsMatcher.h; sourceTree = SOURCE_ROOT; };
		D50E211D16AB66D5009C59E3 /* KWStringContainsMatcher.m */ = {isa = PBXFileReference; fileEncoding = 4; lastKnownFileType = sourcecode.c.objc; name = KWStringContainsMatcher.m; path = Kiwi/Classes/KWStringContainsMatcher.m; sourceTree = SOURCE_ROOT; };
		D50E211E16AB66D5009C59E3 /* KWStringPrefixMatcher.h */ = {isa = PBXFileReference; fileEncoding = 4; lastKnownFileType = sourcecode.c.h; name = KWStringPrefixMatcher.h; path = Kiwi/Classes/KWStringPrefixMatcher.h; sourceTree = SOURCE_ROOT; };
		D50E211F16AB66D5009C59E3 /* KWStringPrefixMatcher.m */ = {isa = PBXFileReference; fileEncoding = 4; lastKnownFileType = sourcecode.c.objc; name = KWStringPrefixMatcher.m; path = Kiwi/Classes/KWStringPrefixMatcher.m; sourceTree = SOURCE_ROOT; };
		D50E212016AB66D5009C59E3 /* KWStringUtilities.h */ = {isa = PBXFileReference; fileEncoding = 4; lastKnownFileType = sourcecode.c.h; name = KWStringUtilities.h; path = Kiwi/Classes/KWStringUtilities.h; sourceTree = SOURCE_ROOT; };
		D50E212116AB66D5009C59E3 /* KWStringUtilities.m */ = {isa = PBXFileReference; fileEncoding = 4; lastKnownFileType = sourcecode.c.objc; name = KWStringUtilities.m; path = Kiwi/Classes/KWStringUtilities.m; sourceTree = SOURCE_ROOT; };
		D50E212216AB66D5009C59E3 /* KWStub.h */ = {isa = PBXFileReference; fileEncoding = 4; lastKnownFileType = sourcecode.c.h; name = KWStub.h; path = Kiwi/Classes/KWStub.h; sourceTree = SOURCE_ROOT; };
		D50E212316AB66D5009C59E3 /* KWStub.m */ = {isa = PBXFileReference; fileEncoding = 4; lastKnownFileType = sourcecode.c.objc; name = KWStub.m; path = Kiwi/Classes/KWStub.m; sourceTree = SOURCE_ROOT; };
		D50E212416AB66D5009C59E3 /* KWTestCase.h */ = {isa = PBXFileReference; fileEncoding = 4; lastKnownFileType = sourcecode.c.h; name = KWTestCase.h; path = Kiwi/Classes/KWTestCase.h; sourceTree = SOURCE_ROOT; };
		D50E212516AB66D5009C59E3 /* KWTestCase.m */ = {isa = PBXFileReference; fileEncoding = 4; lastKnownFileType = sourcecode.c.objc; name = KWTestCase.m; path = Kiwi/Classes/KWTestCase.m; sourceTree = SOURCE_ROOT; };
		D50E212616AB66D5009C59E3 /* KWUserDefinedMatcher.h */ = {isa = PBXFileReference; fileEncoding = 4; lastKnownFileType = sourcecode.c.h; name = KWUserDefinedMatcher.h; path = Kiwi/Classes/KWUserDefinedMatcher.h; sourceTree = SOURCE_ROOT; };
		D50E212716AB66D5009C59E3 /* KWUserDefinedMatcher.m */ = {isa = PBXFileReference; fileEncoding = 4; lastKnownFileType = sourcecode.c.objc; name = KWUserDefinedMatcher.m; path = Kiwi/Classes/KWUserDefinedMatcher.m; sourceTree = SOURCE_ROOT; };
		D50E212816AB66D5009C59E3 /* KWValue.h */ = {isa = PBXFileReference; fileEncoding = 4; lastKnownFileType = sourcecode.c.h; name = KWValue.h; path = Kiwi/Classes/KWValue.h; sourceTree = SOURCE_ROOT; };
		D50E212916AB66D5009C59E3 /* KWValue.m */ = {isa = PBXFileReference; fileEncoding = 4; lastKnownFileType = sourcecode.c.objc; name = KWValue.m; path = Kiwi/Classes/KWValue.m; sourceTree = SOURCE_ROOT; };
		D50E212A16AB66D5009C59E3 /* KWVerifying.h */ = {isa = PBXFileReference; fileEncoding = 4; lastKnownFileType = sourcecode.c.h; name = KWVerifying.h; path = Kiwi/Classes/KWVerifying.h; sourceTree = SOURCE_ROOT; };
		D50E212B16AB66D5009C59E3 /* KWWorkarounds.h */ = {isa = PBXFileReference; fileEncoding = 4; lastKnownFileType = sourcecode.c.h; name = KWWorkarounds.h; path = Kiwi/Classes/KWWorkarounds.h; sourceTree = SOURCE_ROOT; };
		D50E212C16AB66D5009C59E3 /* KWWorkarounds.m */ = {isa = PBXFileReference; fileEncoding = 4; lastKnownFileType = sourcecode.c.objc; name = KWWorkarounds.m; path = Kiwi/Classes/KWWorkarounds.m; sourceTree = SOURCE_ROOT; };
		D50E212D16AB66D5009C59E3 /* NSInvocation+KiwiAdditions.h */ = {isa = PBXFileReference; fileEncoding = 4; lastKnownFileType = sourcecode.c.h; name = "NSInvocation+KiwiAdditions.h"; path = "Kiwi/Classes/NSInvocation+KiwiAdditions.h"; sourceTree = SOURCE_ROOT; };
		D50E212E16AB66D5009C59E3 /* NSInvocation+KiwiAdditions.m */ = {isa = PBXFileReference; fileEncoding = 4; lastKnownFileType = sourcecode.c.objc; name = "NSInvocation+KiwiAdditions.m"; path = "Kiwi/Classes/NSInvocation+KiwiAdditions.m"; sourceTree = SOURCE_ROOT; };
		D50E212F16AB66D5009C59E3 /* NSInvocation+OCMAdditions.h */ = {isa = PBXFileReference; fileEncoding = 4; lastKnownFileType = sourcecode.c.h; name = "NSInvocation+OCMAdditions.h"; path = "Kiwi/Classes/NSInvocation+OCMAdditions.h"; sourceTree = SOURCE_ROOT; };
		D50E213016AB66D5009C59E3 /* NSInvocation+OCMAdditions.m */ = {isa = PBXFileReference; fileEncoding = 4; lastKnownFileType = sourcecode.c.objc; name = "NSInvocation+OCMAdditions.m"; path = "Kiwi/Classes/NSInvocation+OCMAdditions.m"; sourceTree = SOURCE_ROOT; };
		D50E213116AB66D5009C59E3 /* NSMethodSignature+KiwiAdditions.h */ = {isa = PBXFileReference; fileEncoding = 4; lastKnownFileType = sourcecode.c.h; name = "NSMethodSignature+KiwiAdditions.h"; path = "Kiwi/Classes/NSMethodSignature+KiwiAdditions.h"; sourceTree = SOURCE_ROOT; };
		D50E213216AB66D5009C59E3 /* NSMethodSignature+KiwiAdditions.m */ = {isa = PBXFileReference; fileEncoding = 4; lastKnownFileType = sourcecode.c.objc; name = "NSMethodSignature+KiwiAdditions.m"; path = "Kiwi/Classes/NSMethodSignature+KiwiAdditions.m"; sourceTree = SOURCE_ROOT; };
		D50E213316AB66D5009C59E3 /* NSNumber+KiwiAdditions.h */ = {isa = PBXFileReference; fileEncoding = 4; lastKnownFileType = sourcecode.c.h; name = "NSNumber+KiwiAdditions.h"; path = "Kiwi/Classes/NSNumber+KiwiAdditions.h"; sourceTree = SOURCE_ROOT; };
		D50E213416AB66D5009C59E3 /* NSNumber+KiwiAdditions.m */ = {isa = PBXFileReference; fileEncoding = 4; lastKnownFileType = sourcecode.c.objc; name = "NSNumber+KiwiAdditions.m"; path = "Kiwi/Classes/NSNumber+KiwiAdditions.m"; sourceTree = SOURCE_ROOT; };
		D50E213516AB66D5009C59E3 /* NSObject+KiwiMockAdditions.h */ = {isa = PBXFileReference; fileEncoding = 4; lastKnownFileType = sourcecode.c.h; name = "NSObject+KiwiMockAdditions.h"; path = "Kiwi/Classes/NSObject+KiwiMockAdditions.h"; sourceTree = SOURCE_ROOT; };
		D50E213616AB66D5009C59E3 /* NSObject+KiwiMockAdditions.m */ = {isa = PBXFileReference; fileEncoding = 4; lastKnownFileType = sourcecode.c.objc; name = "NSObject+KiwiMockAdditions.m"; path = "Kiwi/Classes/NSObject+KiwiMockAdditions.m"; sourceTree = SOURCE_ROOT; };
		D50E213716AB66D5009C59E3 /* NSObject+KiwiSpyAdditions.h */ = {isa = PBXFileReference; fileEncoding = 4; lastKnownFileType = sourcecode.c.h; name = "NSObject+KiwiSpyAdditions.h"; path = "Kiwi/Classes/NSObject+KiwiSpyAdditions.h"; sourceTree = SOURCE_ROOT; };
		D50E213816AB66D5009C59E3 /* NSObject+KiwiSpyAdditions.m */ = {isa = PBXFileReference; fileEncoding = 4; lastKnownFileType = sourcecode.c.objc; name = "NSObject+KiwiSpyAdditions.m"; path = "Kiwi/Classes/NSObject+KiwiSpyAdditions.m"; sourceTree = SOURCE_ROOT; };
		D50E213916AB66D5009C59E3 /* NSObject+KiwiStubAdditions.h */ = {isa = PBXFileReference; fileEncoding = 4; lastKnownFileType = sourcecode.c.h; name = "NSObject+KiwiStubAdditions.h"; path = "Kiwi/Classes/NSObject+KiwiStubAdditions.h"; sourceTree = SOURCE_ROOT; };
		D50E213A16AB66D5009C59E3 /* NSObject+KiwiStubAdditions.m */ = {isa = PBXFileReference; fileEncoding = 4; lastKnownFileType = sourcecode.c.objc; name = "NSObject+KiwiStubAdditions.m"; path = "Kiwi/Classes/NSObject+KiwiStubAdditions.m"; sourceTree = SOURCE_ROOT; };
		D50E213B16AB66D5009C59E3 /* NSObject+KiwiVerifierAdditions.h */ = {isa = PBXFileReference; fileEncoding = 4; lastKnownFileType = sourcecode.c.h; name = "NSObject+KiwiVerifierAdditions.h"; path = "Kiwi/Classes/NSObject+KiwiVerifierAdditions.h"; sourceTree = SOURCE_ROOT; };
		D50E213C16AB66D5009C59E3 /* NSObject+KiwiVerifierAdditions.m */ = {isa = PBXFileReference; fileEncoding = 4; lastKnownFileType = sourcecode.c.objc; name = "NSObject+KiwiVerifierAdditions.m"; path = "Kiwi/Classes/NSObject+KiwiVerifierAdditions.m"; sourceTree = SOURCE_ROOT; };
		D50E213D16AB66D5009C59E3 /* NSValue+KiwiAdditions.h */ = {isa = PBXFileReference; fileEncoding = 4; lastKnownFileType = sourcecode.c.h; name = "NSValue+KiwiAdditions.h"; path = "Kiwi/Classes/NSValue+KiwiAdditions.h"; sourceTree = SOURCE_ROOT; };
		D50E213E16AB66D5009C59E3 /* NSValue+KiwiAdditions.m */ = {isa = PBXFileReference; fileEncoding = 4; lastKnownFileType = sourcecode.c.objc; name = "NSValue+KiwiAdditions.m"; path = "Kiwi/Classes/NSValue+KiwiAdditions.m"; sourceTree = SOURCE_ROOT; };
		D54D977113D643A800B2C5C8 /* CalendarDemo.app */ = {isa = PBXFileReference; explicitFileType = wrapper.application; includeInIndex = 0; path = CalendarDemo.app; sourceTree = BUILT_PRODUCTS_DIR; };
		D54D977813D643A800B2C5C8 /* CalendarDemo-Info.plist */ = {isa = PBXFileReference; lastKnownFileType = text.plist.xml; path = "CalendarDemo-Info.plist"; sourceTree = "<group>"; };
		D54D977A13D643A800B2C5C8 /* en */ = {isa = PBXFileReference; lastKnownFileType = text.plist.strings; name = en; path = en.lproj/InfoPlist.strings; sourceTree = "<group>"; };
		D54D977C13D643A800B2C5C8 /* main.m */ = {isa = PBXFileReference; lastKnownFileType = sourcecode.c.objc; path = main.m; sourceTree = "<group>"; };
		D54D977E13D643A800B2C5C8 /* CalendarDemo-Prefix.pch */ = {isa = PBXFileReference; lastKnownFileType = sourcecode.c.h; path = "CalendarDemo-Prefix.pch"; sourceTree = "<group>"; };
		D54D977F13D643A900B2C5C8 /* CalendarDemoAppDelegate.h */ = {isa = PBXFileReference; lastKnownFileType = sourcecode.c.h; path = CalendarDemoAppDelegate.h; sourceTree = "<group>"; };
		D54D978013D643A900B2C5C8 /* CalendarDemoAppDelegate.m */ = {isa = PBXFileReference; lastKnownFileType = sourcecode.c.objc; path = CalendarDemoAppDelegate.m; sourceTree = "<group>"; };
		D54D978213D643A900B2C5C8 /* CalendarDemoViewController.h */ = {isa = PBXFileReference; lastKnownFileType = sourcecode.c.h; path = CalendarDemoViewController.h; sourceTree = "<group>"; };
		D54D978413D643A900B2C5C8 /* CalendarDemoViewController.m */ = {isa = PBXFileReference; lastKnownFileType = sourcecode.c.objc; path = CalendarDemoViewController.m; sourceTree = "<group>"; };
		D58C55BA1763CC4900F21C0F /* UIColor+CXCalendar.h */ = {isa = PBXFileReference; fileEncoding = 4; lastKnownFileType = sourcecode.c.h; path = "UIColor+CXCalendar.h"; sourceTree = "<group>"; };
		D58C55BB1763CC4900F21C0F /* UIColor+CXCalendar.m */ = {isa = PBXFileReference; fileEncoding = 4; lastKnownFileType = sourcecode.c.objc; path = "UIColor+CXCalendar.m"; sourceTree = "<group>"; };
		D58C55BE1763D91F00F21C0F /* UILabel+CXCalendar.h */ = {isa = PBXFileReference; fileEncoding = 4; lastKnownFileType = sourcecode.c.h; path = "UILabel+CXCalendar.h"; sourceTree = "<group>"; };
		D58C55BF1763D92000F21C0F /* UILabel+CXCalendar.m */ = {isa = PBXFileReference; fileEncoding = 4; lastKnownFileType = sourcecode.c.objc; path = "UILabel+CXCalendar.m"; sourceTree = "<group>"; };
		D58C55C21763DD8D00F21C0F /* UIButton+CXCalendar.h */ = {isa = PBXFileReference; fileEncoding = 4; lastKnownFileType = sourcecode.c.h; path = "UIButton+CXCalendar.h"; sourceTree = "<group>"; };
		D58C55C31763DD8D00F21C0F /* UIButton+CXCalendar.m */ = {isa = PBXFileReference; fileEncoding = 4; lastKnownFileType = sourcecode.c.objc; path = "UIButton+CXCalendar.m"; sourceTree = "<group>"; };
		D5B46D1013CE22CD0079A9C2 /* libCalendar.a */ = {isa = PBXFileReference; explicitFileType = archive.ar; includeInIndex = 0; path = libCalendar.a; sourceTree = BUILT_PRODUCTS_DIR; };
		D5B46D1313CE22CD0079A9C2 /* Foundation.framework */ = {isa = PBXFileReference; lastKnownFileType = wrapper.framework; name = Foundation.framework; path = System/Library/Frameworks/Foundation.framework; sourceTree = SDKROOT; };
		D5B46D1713CE22CD0079A9C2 /* Calendar-Prefix.pch */ = {isa = PBXFileReference; lastKnownFileType = sourcecode.c.h; path = "Calendar-Prefix.pch"; sourceTree = "<group>"; };
		D5B46D1D13CE22CD0079A9C2 /* CalendarTests.octest */ = {isa = PBXFileReference; explicitFileType = wrapper.cfbundle; includeInIndex = 0; path = CalendarTests.octest; sourceTree = BUILT_PRODUCTS_DIR; };
		D5B46D1E13CE22CD0079A9C2 /* SenTestingKit.framework */ = {isa = PBXFileReference; lastKnownFileType = wrapper.framework; name = SenTestingKit.framework; path = Library/Frameworks/SenTestingKit.framework; sourceTree = DEVELOPER_DIR; };
		D5B46D2A13CE22CD0079A9C2 /* CalendarTests-Info.plist */ = {isa = PBXFileReference; lastKnownFileType = text.plist.xml; path = "CalendarTests-Info.plist"; sourceTree = "<group>"; };
		D5B46D2C13CE22CD0079A9C2 /* en */ = {isa = PBXFileReference; lastKnownFileType = text.plist.strings; name = en; path = en.lproj/InfoPlist.strings; sourceTree = "<group>"; };
		D5D427AD13CE275100A90CCC /* CXCalendarView.h */ = {isa = PBXFileReference; fileEncoding = 4; lastKnownFileType = sourcecode.c.h; path = CXCalendarView.h; sourceTree = "<group>"; };
		D5D427AE13CE275100A90CCC /* CXCalendarView.m */ = {isa = PBXFileReference; fileEncoding = 4; lastKnownFileType = sourcecode.c.objc; path = CXCalendarView.m; sourceTree = "<group>"; };
		D5D427B113CE279D00A90CCC /* CXCalendarCellView.h */ = {isa = PBXFileReference; fileEncoding = 4; lastKnownFileType = sourcecode.c.h; path = CXCalendarCellView.h; sourceTree = "<group>"; };
		D5D427B213CE279D00A90CCC /* CXCalendarCellView.m */ = {isa = PBXFileReference; fileEncoding = 4; lastKnownFileType = sourcecode.c.objc; path = CXCalendarCellView.m; sourceTree = "<group>"; };
		D5D427B613CE281D00A90CCC /* CalendarViewSpec.m */ = {isa = PBXFileReference; fileEncoding = 4; lastKnownFileType = sourcecode.c.objc; path = CalendarViewSpec.m; sourceTree = "<group>"; };
		D5D427BA13CE283A00A90CCC /* CalendarViewCellSpec.m */ = {isa = PBXFileReference; fileEncoding = 4; lastKnownFileType = sourcecode.c.objc; path = CalendarViewCellSpec.m; sourceTree = "<group>"; };
/* End PBXFileReference section */

/* Begin PBXFrameworksBuildPhase section */
		D54D976E13D643A800B2C5C8 /* Frameworks */ = {
			isa = PBXFrameworksBuildPhase;
			buildActionMask = 2147483647;
			files = (
				1436B6CF14D1BBBD00DD7BEA /* CoreGraphics.framework in Frameworks */,
				1436B6CB14D1B66600DD7BEA /* UIKit.framework in Frameworks */,
				D54D977413D643A800B2C5C8 /* Foundation.framework in Frameworks */,
				D54D978F13D6492400B2C5C8 /* libCalendar.a in Frameworks */,
				D54D979613D6492400B2C5C8 /* QuartzCore.framework in Frameworks */,
			);
			runOnlyForDeploymentPostprocessing = 0;
		};
		D5B46D0D13CE22CD0079A9C2 /* Frameworks */ = {
			isa = PBXFrameworksBuildPhase;
			buildActionMask = 2147483647;
			files = (
				1436B6CD14D1B68700DD7BEA /* UIKit.framework in Frameworks */,
				320AF8492C47A4D819F7C451 /* QuartzCore.framework in Frameworks */,
				D5B46D1413CE22CD0079A9C2 /* Foundation.framework in Frameworks */,
			);
			runOnlyForDeploymentPostprocessing = 0;
		};
		D5B46D1913CE22CD0079A9C2 /* Frameworks */ = {
			isa = PBXFrameworksBuildPhase;
			buildActionMask = 2147483647;
			files = (
				1436B6D014D1BF5800DD7BEA /* CoreGraphics.framework in Frameworks */,
				1436B6CC14D1B68100DD7BEA /* UIKit.framework in Frameworks */,
				D5D427BF13CE2AA700A90CCC /* QuartzCore.framework in Frameworks */,
				D5B46D1F13CE22CD0079A9C2 /* SenTestingKit.framework in Frameworks */,
				D5B46D2213CE22CD0079A9C2 /* Foundation.framework in Frameworks */,
				D5B46D2713CE22CD0079A9C2 /* libCalendar.a in Frameworks */,
			);
			runOnlyForDeploymentPostprocessing = 0;
		};
/* End PBXFrameworksBuildPhase section */

/* Begin PBXGroup section */
		D54D977613D643A800B2C5C8 /* CalendarDemo */ = {
			isa = PBXGroup;
			children = (
				D54D977F13D643A900B2C5C8 /* CalendarDemoAppDelegate.h */,
				D54D978013D643A900B2C5C8 /* CalendarDemoAppDelegate.m */,
				D54D978213D643A900B2C5C8 /* CalendarDemoViewController.h */,
				D54D978413D643A900B2C5C8 /* CalendarDemoViewController.m */,
				D54D977713D643A800B2C5C8 /* Supporting Files */,
			);
			path = CalendarDemo;
			sourceTree = "<group>";
		};
		D54D977713D643A800B2C5C8 /* Supporting Files */ = {
			isa = PBXGroup;
			children = (
				D54D977813D643A800B2C5C8 /* CalendarDemo-Info.plist */,
				D54D977913D643A800B2C5C8 /* InfoPlist.strings */,
				D54D977C13D643A800B2C5C8 /* main.m */,
				D54D977E13D643A800B2C5C8 /* CalendarDemo-Prefix.pch */,
			);
			name = "Supporting Files";
			sourceTree = "<group>";
		};
		D5B46D0513CE22CD0079A9C2 = {
			isa = PBXGroup;
			children = (
				D5B46D1513CE22CD0079A9C2 /* Calendar */,
				D5B46D2813CE22CD0079A9C2 /* CalendarTests */,
				D54D977613D643A800B2C5C8 /* CalendarDemo */,
				D5B46D1213CE22CD0079A9C2 /* Frameworks */,
				D5B46D1113CE22CD0079A9C2 /* Products */,
			);
			sourceTree = "<group>";
		};
		D5B46D1113CE22CD0079A9C2 /* Products */ = {
			isa = PBXGroup;
			children = (
				D5B46D1013CE22CD0079A9C2 /* libCalendar.a */,
				D5B46D1D13CE22CD0079A9C2 /* CalendarTests.octest */,
				D54D977113D643A800B2C5C8 /* CalendarDemo.app */,
			);
			name = Products;
			sourceTree = "<group>";
		};
		D5B46D1213CE22CD0079A9C2 /* Frameworks */ = {
			isa = PBXGroup;
			children = (
				320AF8492C47A4D819F7C450 /* QuartzCore.framework */,
				1436B6CA14D1B66600DD7BEA /* UIKit.framework */,
				1436B6CE14D1BBBD00DD7BEA /* CoreGraphics.framework */,
				D5B46D1313CE22CD0079A9C2 /* Foundation.framework */,
				D5B46D1E13CE22CD0079A9C2 /* SenTestingKit.framework */,
			);
			name = Frameworks;
			sourceTree = "<group>";
		};
		D5B46D1513CE22CD0079A9C2 /* Calendar */ = {
			isa = PBXGroup;
			children = (
				D5B46D1613CE22CD0079A9C2 /* Supporting Files */,
				D5D427AD13CE275100A90CCC /* CXCalendarView.h */,
				D5D427AE13CE275100A90CCC /* CXCalendarView.m */,
				D5D427B113CE279D00A90CCC /* CXCalendarCellView.h */,
				D5D427B213CE279D00A90CCC /* CXCalendarCellView.m */,
				1436B6C614D1AF8200DD7BEA /* CXMultidateCalendarView.h */,
				1436B6C714D1AF8200DD7BEA /* CXMultidateCalendarView.m */,
				D58C55BA1763CC4900F21C0F /* UIColor+CXCalendar.h */,
				D58C55BB1763CC4900F21C0F /* UIColor+CXCalendar.m */,
				D58C55BE1763D91F00F21C0F /* UILabel+CXCalendar.h */,
				D58C55BF1763D92000F21C0F /* UILabel+CXCalendar.m */,
				D58C55C21763DD8D00F21C0F /* UIButton+CXCalendar.h */,
				D58C55C31763DD8D00F21C0F /* UIButton+CXCalendar.m */,
			);
			path = Calendar;
			sourceTree = "<group>";
		};
		D5B46D1613CE22CD0079A9C2 /* Supporting Files */ = {
			isa = PBXGroup;
			children = (
				D5B46D1713CE22CD0079A9C2 /* Calendar-Prefix.pch */,
			);
			name = "Supporting Files";
			sourceTree = "<group>";
		};
		D5B46D2813CE22CD0079A9C2 /* CalendarTests */ = {
			isa = PBXGroup;
			children = (
				D5B46D3A13CE24960079A9C2 /* Kiwi */,
				D5B46D2913CE22CD0079A9C2 /* Supporting Files */,
				D5D427B613CE281D00A90CCC /* CalendarViewSpec.m */,
				D5D427BA13CE283A00A90CCC /* CalendarViewCellSpec.m */,
			);
			path = CalendarTests;
			sourceTree = "<group>";
		};
		D5B46D2913CE22CD0079A9C2 /* Supporting Files */ = {
			isa = PBXGroup;
			children = (
				D5B46D2A13CE22CD0079A9C2 /* CalendarTests-Info.plist */,
				D5B46D2B13CE22CD0079A9C2 /* InfoPlist.strings */,
			);
			name = "Supporting Files";
			sourceTree = "<group>";
		};
		D5B46D3A13CE24960079A9C2 /* Kiwi */ = {
			isa = PBXGroup;
			children = (
				D50E209716AB66D5009C59E3 /* Kiwi.h */,
				D50E209816AB66D5009C59E3 /* KiwiBlockMacros.h */,
				D50E209916AB66D5009C59E3 /* KiwiConfiguration.h */,
				D50E209A16AB66D5009C59E3 /* KiwiMacros.h */,
				D50E209B16AB66D5009C59E3 /* KiwiNewMacros.h */,
				D50E209C16AB66D5009C59E3 /* KWAfterAllNode.h */,
				D50E209D16AB66D5009C59E3 /* KWAfterAllNode.m */,
				D50E209E16AB66D5009C59E3 /* KWAfterEachNode.h */,
				D50E209F16AB66D5009C59E3 /* KWAfterEachNode.m */,
				D50E20A016AB66D5009C59E3 /* KWAny.h */,
				D50E20A116AB66D5009C59E3 /* KWAny.m */,
				D50E20A216AB66D5009C59E3 /* KWAsyncVerifier.h */,
				D50E20A316AB66D5009C59E3 /* KWAsyncVerifier.m */,
				D50E20A416AB66D5009C59E3 /* KWBeBetweenMatcher.h */,
				D50E20A516AB66D5009C59E3 /* KWBeBetweenMatcher.m */,
				D50E20A616AB66D5009C59E3 /* KWBeEmptyMatcher.h */,
				D50E20A716AB66D5009C59E3 /* KWBeEmptyMatcher.m */,
				D50E20A816AB66D5009C59E3 /* KWBeforeAllNode.h */,
				D50E20A916AB66D5009C59E3 /* KWBeforeAllNode.m */,
				D50E20AA16AB66D5009C59E3 /* KWBeforeEachNode.h */,
				D50E20AB16AB66D5009C59E3 /* KWBeforeEachNode.m */,
				D50E20AC16AB66D5009C59E3 /* KWBeIdenticalToMatcher.h */,
				D50E20AD16AB66D5009C59E3 /* KWBeIdenticalToMatcher.m */,
				D50E20AE16AB66D5009C59E3 /* KWBeKindOfClassMatcher.h */,
				D50E20AF16AB66D5009C59E3 /* KWBeKindOfClassMatcher.m */,
				D50E20B016AB66D5009C59E3 /* KWBeMemberOfClassMatcher.h */,
				D50E20B116AB66D5009C59E3 /* KWBeMemberOfClassMatcher.m */,
				D50E20B216AB66D5009C59E3 /* KWBeNilMatcher.h */,
				D50E20B316AB66D5009C59E3 /* KWBeNilMatcher.m */,
				D50E20B416AB66D5009C59E3 /* KWBeNonNilMatcher.h */,
				D50E20B516AB66D5009C59E3 /* KWBeNonNilMatcher.m */,
				D50E20B616AB66D5009C59E3 /* KWBeSubclassOfClassMatcher.h */,
				D50E20B716AB66D5009C59E3 /* KWBeSubclassOfClassMatcher.m */,
				D50E20B816AB66D5009C59E3 /* KWBeTrueMatcher.h */,
				D50E20B916AB66D5009C59E3 /* KWBeTrueMatcher.m */,
				D50E20BA16AB66D5009C59E3 /* KWBeWithinMatcher.h */,
				D50E20BB16AB66D5009C59E3 /* KWBeWithinMatcher.m */,
				D50E20BC16AB66D5009C59E3 /* KWBeZeroMatcher.h */,
				D50E20BD16AB66D5009C59E3 /* KWBeZeroMatcher.m */,
				D50E20BE16AB66D5009C59E3 /* KWBlock.h */,
				D50E20BF16AB66D5009C59E3 /* KWBlock.m */,
				D50E20C016AB66D5009C59E3 /* KWBlockNode.h */,
				D50E20C116AB66D5009C59E3 /* KWBlockNode.m */,
				D50E20C216AB66D5009C59E3 /* KWBlockRaiseMatcher.h */,
				D50E20C316AB66D5009C59E3 /* KWBlockRaiseMatcher.m */,
				D50E20C416AB66D5009C59E3 /* KWCallSite.h */,
				D50E20C516AB66D5009C59E3 /* KWCallSite.m */,
				D50E20C616AB66D5009C59E3 /* KWCaptureSpy.h */,
				D50E20C716AB66D5009C59E3 /* KWCaptureSpy.m */,
				D50E20C816AB66D5009C59E3 /* KWChangeMatcher.h */,
				D50E20C916AB66D5009C59E3 /* KWChangeMatcher.m */,
				D50E20CA16AB66D5009C59E3 /* KWConformToProtocolMatcher.h */,
				D50E20CB16AB66D5009C59E3 /* KWConformToProtocolMatcher.m */,
				D50E20CC16AB66D5009C59E3 /* KWContainMatcher.h */,
				D50E20CD16AB66D5009C59E3 /* KWContainMatcher.m */,
				D50E20CE16AB66D5009C59E3 /* KWContextNode.h */,
				D50E20CF16AB66D5009C59E3 /* KWContextNode.m */,
				D50E20D016AB66D5009C59E3 /* KWCountType.h */,
				D50E20D116AB66D5009C59E3 /* KWDeviceInfo.h */,
				D50E20D216AB66D5009C59E3 /* KWDeviceInfo.m */,
				D50E20D316AB66D5009C59E3 /* KWEqualMatcher.h */,
				D50E20D416AB66D5009C59E3 /* KWEqualMatcher.m */,
				D50E20D516AB66D5009C59E3 /* KWExample.h */,
				D50E20D616AB66D5009C59E3 /* KWExample.m */,
				D50E20D716AB66D5009C59E3 /* KWExampleGroupBuilder.h */,
				D50E20D816AB66D5009C59E3 /* KWExampleGroupBuilder.m */,
				D50E20D916AB66D5009C59E3 /* KWExampleGroupDelegate.h */,
				D50E20DA16AB66D5009C59E3 /* KWExampleNode.h */,
				D50E20DB16AB66D5009C59E3 /* KWExampleNodeVisitor.h */,
				D50E20DC16AB66D5009C59E3 /* KWExampleSuite.h */,
				D50E20DD16AB66D5009C59E3 /* KWExampleSuite.m */,
				D50E20DE16AB66D5009C59E3 /* KWExistVerifier.h */,
				D50E20DF16AB66D5009C59E3 /* KWExistVerifier.m */,
				D50E20E016AB66D5009C59E3 /* KWExpectationType.h */,
				D50E20E116AB66D5009C59E3 /* KWFailure.h */,
				D50E20E216AB66D5009C59E3 /* KWFailure.m */,
				D50E20E316AB66D5009C59E3 /* KWFormatter.h */,
				D50E20E416AB66D5009C59E3 /* KWFormatter.m */,
				D50E20E516AB66D5009C59E3 /* KWFutureObject.h */,
				D50E20E616AB66D5009C59E3 /* KWFutureObject.m */,
				D50E20E716AB66D5009C59E3 /* KWHamcrestMatcher.h */,
				D50E20E816AB66D5009C59E3 /* KWHamcrestMatcher.m */,
				D50E20E916AB66D5009C59E3 /* KWHamrestMatchingAdditions.h */,
				D50E20EA16AB66D5009C59E3 /* KWHamrestMatchingAdditions.m */,
				D50E20EB16AB66D5009C59E3 /* KWHaveMatcher.h */,
				D50E20EC16AB66D5009C59E3 /* KWHaveMatcher.m */,
				D50E20ED16AB66D5009C59E3 /* KWHaveValueMatcher.h */,
				D50E20EE16AB66D5009C59E3 /* KWHaveValueMatcher.m */,
				D50E20EF16AB66D5009C59E3 /* KWHCMatcher.h */,
				D50E20F016AB66D5009C59E3 /* KWInequalityMatcher.h */,
				D50E20F116AB66D5009C59E3 /* KWInequalityMatcher.m */,
				D50E20F216AB66D5009C59E3 /* KWIntercept.h */,
				D50E20F316AB66D5009C59E3 /* KWIntercept.m */,
				D50E20F416AB66D5009C59E3 /* KWInvocationCapturer.h */,
				D50E20F516AB66D5009C59E3 /* KWInvocationCapturer.m */,
				D50E20F616AB66D5009C59E3 /* KWItNode.h */,
				D50E20F716AB66D5009C59E3 /* KWItNode.m */,
				D50E20F816AB66D5009C59E3 /* KWMatcher.h */,
				D50E20F916AB66D5009C59E3 /* KWMatcher.m */,
				D50E20FA16AB66D5009C59E3 /* KWMatcherFactory.h */,
				D50E20FB16AB66D5009C59E3 /* KWMatcherFactory.m */,
				D50E20FC16AB66D5009C59E3 /* KWMatchers.h */,
				D50E20FD16AB66D5009C59E3 /* KWMatchers.m */,
				D50E20FE16AB66D5009C59E3 /* KWMatching.h */,
				D50E20FF16AB66D5009C59E3 /* KWMatchVerifier.h */,
				D50E210016AB66D5009C59E3 /* KWMatchVerifier.m */,
				D50E210116AB66D5009C59E3 /* KWMessagePattern.h */,
				D50E210216AB66D5009C59E3 /* KWMessagePattern.m */,
				D50E210316AB66D5009C59E3 /* KWMessageSpying.h */,
				D50E210416AB66D5009C59E3 /* KWMessageTracker.h */,
				D50E210516AB66D5009C59E3 /* KWMessageTracker.m */,
				D50E210616AB66D5009C59E3 /* KWMock.h */,
				D50E210716AB66D5009C59E3 /* KWMock.m */,
				D50E210816AB66D5009C59E3 /* KWNull.h */,
				D50E210916AB66D5009C59E3 /* KWNull.m */,
				D50E210A16AB66D5009C59E3 /* KWObjCUtilities.h */,
				D50E210B16AB66D5009C59E3 /* KWObjCUtilities.m */,
				D50E210C16AB66D5009C59E3 /* KWPendingNode.h */,
				D50E210D16AB66D5009C59E3 /* KWPendingNode.m */,
				D50E210E16AB66D5009C59E3 /* KWProbe.h */,
				D50E210F16AB66D5009C59E3 /* KWProbePoller.h */,
				D50E211016AB66D5009C59E3 /* KWProbePoller.m */,
				D50E211116AB66D5009C59E3 /* KWRaiseMatcher.h */,
				D50E211216AB66D5009C59E3 /* KWRaiseMatcher.m */,
				D50E211316AB66D5009C59E3 /* KWReceiveMatcher.h */,
				D50E211416AB66D5009C59E3 /* KWReceiveMatcher.m */,
				D50E211516AB66D5009C59E3 /* KWRegisterMatchersNode.h */,
				D50E211616AB66D5009C59E3 /* KWRegisterMatchersNode.m */,
				D50E211716AB66D5009C59E3 /* KWReporting.h */,
				D50E211816AB66D5009C59E3 /* KWRespondToSelectorMatcher.h */,
				D50E211916AB66D5009C59E3 /* KWRespondToSelectorMatcher.m */,
				D50E211A16AB66D5009C59E3 /* KWSpec.h */,
				D50E211B16AB66D5009C59E3 /* KWSpec.m */,
				D50E211C16AB66D5009C59E3 /* KWStringContainsMatcher.h */,
				D50E211D16AB66D5009C59E3 /* KWStringContainsMatcher.m */,
				D50E211E16AB66D5009C59E3 /* KWStringPrefixMatcher.h */,
				D50E211F16AB66D5009C59E3 /* KWStringPrefixMatcher.m */,
				D50E212016AB66D5009C59E3 /* KWStringUtilities.h */,
				D50E212116AB66D5009C59E3 /* KWStringUtilities.m */,
				D50E212216AB66D5009C59E3 /* KWStub.h */,
				D50E212316AB66D5009C59E3 /* KWStub.m */,
				D50E212416AB66D5009C59E3 /* KWTestCase.h */,
				D50E212516AB66D5009C59E3 /* KWTestCase.m */,
				D50E212616AB66D5009C59E3 /* KWUserDefinedMatcher.h */,
				D50E212716AB66D5009C59E3 /* KWUserDefinedMatcher.m */,
				D50E212816AB66D5009C59E3 /* KWValue.h */,
				D50E212916AB66D5009C59E3 /* KWValue.m */,
				D50E212A16AB66D5009C59E3 /* KWVerifying.h */,
				D50E212B16AB66D5009C59E3 /* KWWorkarounds.h */,
				D50E212C16AB66D5009C59E3 /* KWWorkarounds.m */,
				D50E212D16AB66D5009C59E3 /* NSInvocation+KiwiAdditions.h */,
				D50E212E16AB66D5009C59E3 /* NSInvocation+KiwiAdditions.m */,
				D50E212F16AB66D5009C59E3 /* NSInvocation+OCMAdditions.h */,
				D50E213016AB66D5009C59E3 /* NSInvocation+OCMAdditions.m */,
				D50E213116AB66D5009C59E3 /* NSMethodSignature+KiwiAdditions.h */,
				D50E213216AB66D5009C59E3 /* NSMethodSignature+KiwiAdditions.m */,
				D50E213316AB66D5009C59E3 /* NSNumber+KiwiAdditions.h */,
				D50E213416AB66D5009C59E3 /* NSNumber+KiwiAdditions.m */,
				D50E213516AB66D5009C59E3 /* NSObject+KiwiMockAdditions.h */,
				D50E213616AB66D5009C59E3 /* NSObject+KiwiMockAdditions.m */,
				D50E213716AB66D5009C59E3 /* NSObject+KiwiSpyAdditions.h */,
				D50E213816AB66D5009C59E3 /* NSObject+KiwiSpyAdditions.m */,
				D50E213916AB66D5009C59E3 /* NSObject+KiwiStubAdditions.h */,
				D50E213A16AB66D5009C59E3 /* NSObject+KiwiStubAdditions.m */,
				D50E213B16AB66D5009C59E3 /* NSObject+KiwiVerifierAdditions.h */,
				D50E213C16AB66D5009C59E3 /* NSObject+KiwiVerifierAdditions.m */,
				D50E213D16AB66D5009C59E3 /* NSValue+KiwiAdditions.h */,
				D50E213E16AB66D5009C59E3 /* NSValue+KiwiAdditions.m */,
			);
			name = Kiwi;
			sourceTree = "<group>";
		};
/* End PBXGroup section */

/* Begin PBXHeadersBuildPhase section */
		D5B46D0E13CE22CD0079A9C2 /* Headers */ = {
			isa = PBXHeadersBuildPhase;
			buildActionMask = 2147483647;
			files = (
				D5D427AF13CE275100A90CCC /* CXCalendarView.h in Headers */,
				D5D427B313CE279D00A90CCC /* CXCalendarCellView.h in Headers */,
				1436B6C814D1AF8200DD7BEA /* CXMultidateCalendarView.h in Headers */,
				D58C55BC1763CC4900F21C0F /* UIColor+CXCalendar.h in Headers */,
				D58C55C01763D92000F21C0F /* UILabel+CXCalendar.h in Headers */,
				D58C55C41763DD8D00F21C0F /* UIButton+CXCalendar.h in Headers */,
			);
			runOnlyForDeploymentPostprocessing = 0;
		};
/* End PBXHeadersBuildPhase section */

/* Begin PBXNativeTarget section */
		D54D977013D643A800B2C5C8 /* CalendarDemo */ = {
			isa = PBXNativeTarget;
			buildConfigurationList = D54D978C13D643A900B2C5C8 /* Build configuration list for PBXNativeTarget "CalendarDemo" */;
			buildPhases = (
				D54D976D13D643A800B2C5C8 /* Sources */,
				D54D976E13D643A800B2C5C8 /* Frameworks */,
				D54D976F13D643A800B2C5C8 /* Resources */,
			);
			buildRules = (
			);
			dependencies = (
				D545C75013DDFF4E008283F8 /* PBXTargetDependency */,
			);
			name = CalendarDemo;
			productName = CalendarDemo;
			productReference = D54D977113D643A800B2C5C8 /* CalendarDemo.app */;
			productType = "com.apple.product-type.application";
		};
		D5B46D0F13CE22CD0079A9C2 /* Calendar */ = {
			isa = PBXNativeTarget;
			buildConfigurationList = D5B46D3413CE22CD0079A9C2 /* Build configuration list for PBXNativeTarget "Calendar" */;
			buildPhases = (
				D5B46D0C13CE22CD0079A9C2 /* Sources */,
				D5B46D0D13CE22CD0079A9C2 /* Frameworks */,
				D5B46D0E13CE22CD0079A9C2 /* Headers */,
			);
			buildRules = (
			);
			dependencies = (
			);
			name = Calendar;
			productName = Calendar;
			productReference = D5B46D1013CE22CD0079A9C2 /* libCalendar.a */;
			productType = "com.apple.product-type.library.static";
		};
		D5B46D1C13CE22CD0079A9C2 /* CalendarTests */ = {
			isa = PBXNativeTarget;
			buildConfigurationList = D5B46D3713CE22CD0079A9C2 /* Build configuration list for PBXNativeTarget "CalendarTests" */;
			buildPhases = (
				D5B46D1813CE22CD0079A9C2 /* Sources */,
				D5B46D1913CE22CD0079A9C2 /* Frameworks */,
				D5B46D1A13CE22CD0079A9C2 /* Resources */,
			);
			buildRules = (
			);
			dependencies = (
				D50E218C16AB73AF009C59E3 /* PBXTargetDependency */,
				D5B46D2613CE22CD0079A9C2 /* PBXTargetDependency */,
			);
			name = CalendarTests;
			productName = CalendarTests;
			productReference = D5B46D1D13CE22CD0079A9C2 /* CalendarTests.octest */;
			productType = "com.apple.product-type.bundle";
		};
/* End PBXNativeTarget section */

/* Begin PBXProject section */
		D5B46D0713CE22CD0079A9C2 /* Project object */ = {
			isa = PBXProject;
			attributes = {
				LastUpgradeCheck = 0420;
				ORGANIZATIONNAME = Componentix;
			};
			buildConfigurationList = D5B46D0A13CE22CD0079A9C2 /* Build configuration list for PBXProject "Calendar" */;
			compatibilityVersion = "Xcode 3.2";
			developmentRegion = English;
			hasScannedForEncodings = 0;
			knownRegions = (
				en,
			);
			mainGroup = D5B46D0513CE22CD0079A9C2;
			productRefGroup = D5B46D1113CE22CD0079A9C2 /* Products */;
			projectDirPath = "";
			projectRoot = "";
			targets = (
				D5B46D0F13CE22CD0079A9C2 /* Calendar */,
				D5B46D1C13CE22CD0079A9C2 /* CalendarTests */,
				D54D977013D643A800B2C5C8 /* CalendarDemo */,
			);
		};
/* End PBXProject section */

/* Begin PBXResourcesBuildPhase section */
		D54D976F13D643A800B2C5C8 /* Resources */ = {
			isa = PBXResourcesBuildPhase;
			buildActionMask = 2147483647;
			files = (
				D54D977B13D643A800B2C5C8 /* InfoPlist.strings in Resources */,
				D54D978313D643A900B2C5C8 /* CalendarDemoViewController.h in Resources */,
			);
			runOnlyForDeploymentPostprocessing = 0;
		};
		D5B46D1A13CE22CD0079A9C2 /* Resources */ = {
			isa = PBXResourcesBuildPhase;
			buildActionMask = 2147483647;
			files = (
				D5B46D2D13CE22CD0079A9C2 /* InfoPlist.strings in Resources */,
			);
			runOnlyForDeploymentPostprocessing = 0;
		};
/* End PBXResourcesBuildPhase section */

/* Begin PBXSourcesBuildPhase section */
		D54D976D13D643A800B2C5C8 /* Sources */ = {
			isa = PBXSourcesBuildPhase;
			buildActionMask = 2147483647;
			files = (
				D54D977D13D643A800B2C5C8 /* main.m in Sources */,
				D54D978113D643A900B2C5C8 /* CalendarDemoAppDelegate.m in Sources */,
				D54D978513D643A900B2C5C8 /* CalendarDemoViewController.m in Sources */,
			);
			runOnlyForDeploymentPostprocessing = 0;
		};
		D5B46D0C13CE22CD0079A9C2 /* Sources */ = {
			isa = PBXSourcesBuildPhase;
			buildActionMask = 2147483647;
			files = (
				D5D427B013CE275100A90CCC /* CXCalendarView.m in Sources */,
				D5D427B413CE279D00A90CCC /* CXCalendarCellView.m in Sources */,
				1436B6C914D1AF8200DD7BEA /* CXMultidateCalendarView.m in Sources */,
				D58C55BD1763CC4900F21C0F /* UIColor+CXCalendar.m in Sources */,
				D58C55C11763D92000F21C0F /* UILabel+CXCalendar.m in Sources */,
				D58C55C51763DD8D00F21C0F /* UIButton+CXCalendar.m in Sources */,
			);
			runOnlyForDeploymentPostprocessing = 0;
		};
		D5B46D1813CE22CD0079A9C2 /* Sources */ = {
			isa = PBXSourcesBuildPhase;
			buildActionMask = 2147483647;
			files = (
				D5D427BD13CE29AC00A90CCC /* CalendarViewSpec.m in Sources */,
				D5D427BE13CE29AC00A90CCC /* CalendarViewCellSpec.m in Sources */,
				D50E213F16AB66D5009C59E3 /* KWAfterAllNode.m in Sources */,
				D50E214016AB66D5009C59E3 /* KWAfterEachNode.m in Sources */,
				D50E214116AB66D5009C59E3 /* KWAny.m in Sources */,
				D50E214216AB66D5009C59E3 /* KWAsyncVerifier.m in Sources */,
				D50E214316AB66D5009C59E3 /* KWBeBetweenMatcher.m in Sources */,
				D50E214416AB66D5009C59E3 /* KWBeEmptyMatcher.m in Sources */,
				D50E214516AB66D5009C59E3 /* KWBeforeAllNode.m in Sources */,
				D50E214616AB66D5009C59E3 /* KWBeforeEachNode.m in Sources */,
				D50E214716AB66D5009C59E3 /* KWBeIdenticalToMatcher.m in Sources */,
				D50E214816AB66D5009C59E3 /* KWBeKindOfClassMatcher.m in Sources */,
				D50E214916AB66D5009C59E3 /* KWBeMemberOfClassMatcher.m in Sources */,
				D50E214A16AB66D5009C59E3 /* KWBeNilMatcher.m in Sources */,
				D50E214B16AB66D5009C59E3 /* KWBeNonNilMatcher.m in Sources */,
				D50E214C16AB66D5009C59E3 /* KWBeSubclassOfClassMatcher.m in Sources */,
				D50E214D16AB66D5009C59E3 /* KWBeTrueMatcher.m in Sources */,
				D50E214E16AB66D5009C59E3 /* KWBeWithinMatcher.m in Sources */,
				D50E214F16AB66D5009C59E3 /* KWBeZeroMatcher.m in Sources */,
				D50E215016AB66D5009C59E3 /* KWBlock.m in Sources */,
				D50E215116AB66D5009C59E3 /* KWBlockNode.m in Sources */,
				D50E215216AB66D5009C59E3 /* KWBlockRaiseMatcher.m in Sources */,
				D50E215316AB66D5009C59E3 /* KWCallSite.m in Sources */,
				D50E215416AB66D5009C59E3 /* KWCaptureSpy.m in Sources */,
				D50E215516AB66D5009C59E3 /* KWChangeMatcher.m in Sources */,
				D50E215616AB66D5009C59E3 /* KWConformToProtocolMatcher.m in Sources */,
				D50E215716AB66D5009C59E3 /* KWContainMatcher.m in Sources */,
				D50E215816AB66D5009C59E3 /* KWContextNode.m in Sources */,
				D50E215916AB66D5009C59E3 /* KWDeviceInfo.m in Sources */,
				D50E215A16AB66D5009C59E3 /* KWEqualMatcher.m in Sources */,
				D50E215B16AB66D5009C59E3 /* KWExample.m in Sources */,
				D50E215C16AB66D5009C59E3 /* KWExampleGroupBuilder.m in Sources */,
				D50E215D16AB66D5009C59E3 /* KWExampleSuite.m in Sources */,
				D50E215E16AB66D5009C59E3 /* KWExistVerifier.m in Sources */,
				D50E215F16AB66D5009C59E3 /* KWFailure.m in Sources */,
				D50E216016AB66D5009C59E3 /* KWFormatter.m in Sources */,
				D50E216116AB66D5009C59E3 /* KWFutureObject.m in Sources */,
				D50E216216AB66D5009C59E3 /* KWHamcrestMatcher.m in Sources */,
				D50E216316AB66D5009C59E3 /* KWHamrestMatchingAdditions.m in Sources */,
				D50E216416AB66D5009C59E3 /* KWHaveMatcher.m in Sources */,
				D50E216516AB66D5009C59E3 /* KWHaveValueMatcher.m in Sources */,
				D50E216616AB66D5009C59E3 /* KWInequalityMatcher.m in Sources */,
				D50E216716AB66D5009C59E3 /* KWIntercept.m in Sources */,
				D50E216816AB66D5009C59E3 /* KWInvocationCapturer.m in Sources */,
				D50E216916AB66D5009C59E3 /* KWItNode.m in Sources */,
				D50E216A16AB66D5009C59E3 /* KWMatcher.m in Sources */,
				D50E216B16AB66D5009C59E3 /* KWMatcherFactory.m in Sources */,
				D50E216C16AB66D5009C59E3 /* KWMatchers.m in Sources */,
				D50E216D16AB66D5009C59E3 /* KWMatchVerifier.m in Sources */,
				D50E216E16AB66D5009C59E3 /* KWMessagePattern.m in Sources */,
				D50E216F16AB66D5009C59E3 /* KWMessageTracker.m in Sources */,
				D50E217016AB66D5009C59E3 /* KWMock.m in Sources */,
				D50E217116AB66D5009C59E3 /* KWNull.m in Sources */,
				D50E217216AB66D5009C59E3 /* KWObjCUtilities.m in Sources */,
				D50E217316AB66D5009C59E3 /* KWPendingNode.m in Sources */,
				D50E217416AB66D5009C59E3 /* KWProbePoller.m in Sources */,
				D50E217516AB66D5009C59E3 /* KWRaiseMatcher.m in Sources */,
				D50E217616AB66D5009C59E3 /* KWReceiveMatcher.m in Sources */,
				D50E217716AB66D5009C59E3 /* KWRegisterMatchersNode.m in Sources */,
				D50E217816AB66D5009C59E3 /* KWRespondToSelectorMatcher.m in Sources */,
				D50E217916AB66D5009C59E3 /* KWSpec.m in Sources */,
				D50E217A16AB66D5009C59E3 /* KWStringContainsMatcher.m in Sources */,
				D50E217B16AB66D5009C59E3 /* KWStringPrefixMatcher.m in Sources */,
				D50E217C16AB66D5009C59E3 /* KWStringUtilities.m in Sources */,
				D50E217D16AB66D5009C59E3 /* KWStub.m in Sources */,
				D50E217E16AB66D5009C59E3 /* KWTestCase.m in Sources */,
				D50E217F16AB66D5009C59E3 /* KWUserDefinedMatcher.m in Sources */,
				D50E218016AB66D5009C59E3 /* KWValue.m in Sources */,
				D50E218116AB66D5009C59E3 /* KWWorkarounds.m in Sources */,
				D50E218216AB66D5009C59E3 /* NSInvocation+KiwiAdditions.m in Sources */,
				D50E218316AB66D5009C59E3 /* NSInvocation+OCMAdditions.m in Sources */,
				D50E218416AB66D5009C59E3 /* NSMethodSignature+KiwiAdditions.m in Sources */,
				D50E218516AB66D5009C59E3 /* NSNumber+KiwiAdditions.m in Sources */,
				D50E218616AB66D5009C59E3 /* NSObject+KiwiMockAdditions.m in Sources */,
				D50E218716AB66D5009C59E3 /* NSObject+KiwiSpyAdditions.m in Sources */,
				D50E218816AB66D5009C59E3 /* NSObject+KiwiStubAdditions.m in Sources */,
				D50E218916AB66D5009C59E3 /* NSObject+KiwiVerifierAdditions.m in Sources */,
				D50E218A16AB66D5009C59E3 /* NSValue+KiwiAdditions.m in Sources */,
			);
			runOnlyForDeploymentPostprocessing = 0;
		};
/* End PBXSourcesBuildPhase section */

/* Begin PBXTargetDependency section */
		D50E218C16AB73AF009C59E3 /* PBXTargetDependency */ = {
			isa = PBXTargetDependency;
			target = D54D977013D643A800B2C5C8 /* CalendarDemo */;
			targetProxy = D50E218B16AB73AF009C59E3 /* PBXContainerItemProxy */;
		};
		D545C75013DDFF4E008283F8 /* PBXTargetDependency */ = {
			isa = PBXTargetDependency;
			target = D5B46D0F13CE22CD0079A9C2 /* Calendar */;
			targetProxy = D545C74F13DDFF4E008283F8 /* PBXContainerItemProxy */;
		};
		D5B46D2613CE22CD0079A9C2 /* PBXTargetDependency */ = {
			isa = PBXTargetDependency;
			target = D5B46D0F13CE22CD0079A9C2 /* Calendar */;
			targetProxy = D5B46D2513CE22CD0079A9C2 /* PBXContainerItemProxy */;
		};
/* End PBXTargetDependency section */

/* Begin PBXVariantGroup section */
		D54D977913D643A800B2C5C8 /* InfoPlist.strings */ = {
			isa = PBXVariantGroup;
			children = (
				D54D977A13D643A800B2C5C8 /* en */,
			);
			name = InfoPlist.strings;
			sourceTree = "<group>";
		};
		D5B46D2B13CE22CD0079A9C2 /* InfoPlist.strings */ = {
			isa = PBXVariantGroup;
			children = (
				D5B46D2C13CE22CD0079A9C2 /* en */,
			);
			name = InfoPlist.strings;
			sourceTree = "<group>";
		};
/* End PBXVariantGroup section */

/* Begin XCBuildConfiguration section */
		D54D978D13D643A900B2C5C8 /* Debug */ = {
			isa = XCBuildConfiguration;
			buildSettings = {
				CLANG_ENABLE_OBJC_ARC = NO;
				"CODE_SIGN_IDENTITY[sdk=iphoneos*]" = "iPhone Developer";
				FRAMEWORK_SEARCH_PATHS = (
					"$(inherited)",
					"\"$(DEVELOPER_FRAMEWORKS_DIR)\"",
				);
				GCC_PRECOMPILE_PREFIX_HEADER = YES;
				GCC_PREFIX_HEADER = "CalendarDemo/CalendarDemo-Prefix.pch";
				INFOPLIST_FILE = "CalendarDemo/CalendarDemo-Info.plist";
				IPHONEOS_DEPLOYMENT_TARGET = 4.2;
				PRODUCT_NAME = "$(TARGET_NAME)";
				TARGETED_DEVICE_FAMILY = "1,2";
				WRAPPER_EXTENSION = app;
			};
			name = Debug;
		};
		D54D978E13D643A900B2C5C8 /* Release */ = {
			isa = XCBuildConfiguration;
			buildSettings = {
				CLANG_ENABLE_OBJC_ARC = NO;
				"CODE_SIGN_IDENTITY[sdk=iphoneos*]" = "iPhone Developer";
				FRAMEWORK_SEARCH_PATHS = (
					"$(inherited)",
					"\"$(DEVELOPER_FRAMEWORKS_DIR)\"",
				);
				GCC_PRECOMPILE_PREFIX_HEADER = YES;
				GCC_PREFIX_HEADER = "CalendarDemo/CalendarDemo-Prefix.pch";
				INFOPLIST_FILE = "CalendarDemo/CalendarDemo-Info.plist";
				IPHONEOS_DEPLOYMENT_TARGET = 4.2;
				OTHER_CFLAGS = "-DNS_BLOCK_ASSERTIONS=1";
				PRODUCT_NAME = "$(TARGET_NAME)";
				TARGETED_DEVICE_FAMILY = "1,2";
				WRAPPER_EXTENSION = app;
			};
			name = Release;
		};
		D5B46D3213CE22CD0079A9C2 /* Debug */ = {
			isa = XCBuildConfiguration;
			buildSettings = {
				ALWAYS_SEARCH_USER_PATHS = NO;
				ARCHS = "$(ARCHS_STANDARD_32_BIT)";
				COPY_PHASE_STRIP = NO;
				GCC_C_LANGUAGE_STANDARD = gnu99;
				GCC_DYNAMIC_NO_PIC = NO;
				GCC_OPTIMIZATION_LEVEL = 0;
				GCC_PREPROCESSOR_DEFINITIONS = (
					"DEBUG=1",
					"$(inherited)",
				);
				GCC_SYMBOLS_PRIVATE_EXTERN = NO;
				GCC_VERSION = com.apple.compilers.llvm.clang.1_0;
				GCC_WARN_ABOUT_MISSING_PROTOTYPES = YES;
				GCC_WARN_ABOUT_RETURN_TYPE = YES;
				GCC_WARN_UNUSED_VARIABLE = YES;
				HEADER_SEARCH_PATHS = (
					"$(BUILT_PRODUCTS_DIR)/../three20",
					"$(BUILT_PRODUCTS_DIR)/../../three20",
					three20/Build/Products/three20,
				);
				IPHONEOS_DEPLOYMENT_TARGET = 4.2;
				OTHER_LDFLAGS = "-ObjC";
				SDKROOT = iphoneos;
			};
			name = Debug;
		};
		D5B46D3313CE22CD0079A9C2 /* Release */ = {
			isa = XCBuildConfiguration;
			buildSettings = {
				ALWAYS_SEARCH_USER_PATHS = NO;
				ARCHS = "$(ARCHS_STANDARD_32_BIT)";
				COPY_PHASE_STRIP = YES;
				GCC_C_LANGUAGE_STANDARD = gnu99;
				GCC_VERSION = com.apple.compilers.llvm.clang.1_0;
				GCC_WARN_ABOUT_MISSING_PROTOTYPES = YES;
				GCC_WARN_ABOUT_RETURN_TYPE = YES;
				GCC_WARN_UNUSED_VARIABLE = YES;
				HEADER_SEARCH_PATHS = (
					"$(BUILT_PRODUCTS_DIR)/../three20",
					"$(BUILT_PRODUCTS_DIR)/../../three20",
					three20/Build/Products/three20,
				);
				IPHONEOS_DEPLOYMENT_TARGET = 4.2;
				OTHER_LDFLAGS = "-ObjC";
				SDKROOT = iphoneos;
				VALIDATE_PRODUCT = YES;
			};
			name = Release;
		};
		D5B46D3513CE22CD0079A9C2 /* Debug */ = {
			isa = XCBuildConfiguration;
			buildSettings = {
				DSTROOT = /tmp/Calendar.dst;
				GCC_PRECOMPILE_PREFIX_HEADER = YES;
				GCC_PREFIX_HEADER = "Calendar/Calendar-Prefix.pch";
				OTHER_LDFLAGS = "-ObjC";
				PRODUCT_NAME = "$(TARGET_NAME)";
				SKIP_INSTALL = YES;
			};
			name = Debug;
		};
		D5B46D3613CE22CD0079A9C2 /* Release */ = {
			isa = XCBuildConfiguration;
			buildSettings = {
				DSTROOT = /tmp/Calendar.dst;
				GCC_PRECOMPILE_PREFIX_HEADER = YES;
				GCC_PREFIX_HEADER = "Calendar/Calendar-Prefix.pch";
				OTHER_LDFLAGS = "-ObjC";
				PRODUCT_NAME = "$(TARGET_NAME)";
				SKIP_INSTALL = YES;
			};
			name = Release;
		};
		D5B46D3813CE22CD0079A9C2 /* Debug */ = {
			isa = XCBuildConfiguration;
			buildSettings = {
				BUNDLE_LOADER = "$(BUILT_PRODUCTS_DIR)/CalendarDemo.app/CalendarDemo";
				FRAMEWORK_SEARCH_PATHS = (
					"$(SDKROOT)/Developer/Library/Frameworks",
					"$(DEVELOPER_LIBRARY_DIR)/Frameworks",
				);
				GCC_PRECOMPILE_PREFIX_HEADER = YES;
				GCC_PREFIX_HEADER = "Calendar/Calendar-Prefix.pch";
				INFOPLIST_FILE = "CalendarTests/CalendarTests-Info.plist";
				PRODUCT_NAME = "$(TARGET_NAME)";
				TEST_AFTER_BUILD = YES;
				TEST_HOST = "$(BUNDLE_LOADER)";
				WRAPPER_EXTENSION = octest;
			};
			name = Debug;
		};
		D5B46D3913CE22CD0079A9C2 /* Release */ = {
			isa = XCBuildConfiguration;
			buildSettings = {
				BUNDLE_LOADER = "$(BUILT_PRODUCTS_DIR)/CalendarDemo.app/CalendarDemo";
				FRAMEWORK_SEARCH_PATHS = (
					"$(SDKROOT)/Developer/Library/Frameworks",
					"$(DEVELOPER_LIBRARY_DIR)/Frameworks",
				);
				GCC_PRECOMPILE_PREFIX_HEADER = YES;
				GCC_PREFIX_HEADER = "Calendar/Calendar-Prefix.pch";
				INFOPLIST_FILE = "CalendarTests/CalendarTests-Info.plist";
				PRODUCT_NAME = "$(TARGET_NAME)";
				TEST_AFTER_BUILD = YES;
				TEST_HOST = "$(BUNDLE_LOADER)";
				WRAPPER_EXTENSION = octest;
			};
			name = Release;
		};
/* End XCBuildConfiguration section */

/* Begin XCConfigurationList section */
		D54D978C13D643A900B2C5C8 /* Build configuration list for PBXNativeTarget "CalendarDemo" */ = {
			isa = XCConfigurationList;
			buildConfigurations = (
				D54D978D13D643A900B2C5C8 /* Debug */,
				D54D978E13D643A900B2C5C8 /* Release */,
			);
			defaultConfigurationIsVisible = 0;
			defaultConfigurationName = Release;
		};
		D5B46D0A13CE22CD0079A9C2 /* Build configuration list for PBXProject "Calendar" */ = {
			isa = XCConfigurationList;
			buildConfigurations = (
				D5B46D3213CE22CD0079A9C2 /* Debug */,
				D5B46D3313CE22CD0079A9C2 /* Release */,
			);
			defaultConfigurationIsVisible = 0;
			defaultConfigurationName = Release;
		};
		D5B46D3413CE22CD0079A9C2 /* Build configuration list for PBXNativeTarget "Calendar" */ = {
			isa = XCConfigurationList;
			buildConfigurations = (
				D5B46D3513CE22CD0079A9C2 /* Debug */,
				D5B46D3613CE22CD0079A9C2 /* Release */,
			);
			defaultConfigurationIsVisible = 0;
			defaultConfigurationName = Release;
		};
		D5B46D3713CE22CD0079A9C2 /* Build configuration list for PBXNativeTarget "CalendarTests" */ = {
			isa = XCConfigurationList;
			buildConfigurations = (
				D5B46D3813CE22CD0079A9C2 /* Debug */,
				D5B46D3913CE22CD0079A9C2 /* Release */,
			);
			defaultConfigurationIsVisible = 0;
			defaultConfigurationName = Release;
		};
/* End XCConfigurationList section */
	};
	rootObject = D5B46D0713CE22CD0079A9C2 /* Project object */;
}
